PODS:
  - AKKIT (0.1.1)
  - SnapKit (5.6.0)
  - SwipeCellKit (1.9.1)

DEPENDENCIES:
  - AKKIT (from `~/Documents/workspaces/code/swift/AKKIT`)
  - SnapKit
  - SwipeCellKit (from `https://github.com/SwipeCellKit/SwipeCellKit.git`, branch `swift4`)

SPEC REPOS:
  trunk:
    - SnapKit

EXTERNAL SOURCES:
  AKKIT:
    :path: "~/Documents/workspaces/code/swift/AKKIT"
  SwipeCellKit:
    :branch: swift4
    :git: https://github.com/SwipeCellKit/SwipeCellKit.git

CHECKOUT OPTIONS:
  SwipeCellKit:
    :commit: ec99d5fcb9181f0ee22552f13c176754d91c4d67
    :git: https://github.com/SwipeCellKit/SwipeCellKit.git

SPEC CHECKSUMS:
  AKKIT: 5f25cb284e84dda9b15816003e2bd20dd01e3685
  SnapKit: e01d52ebb8ddbc333eefe2132acf85c8227d9c25
  SwipeCellKit: 9fa65dd73e52e8fd139fec4d8f7d7cb44fa00559

PODFILE CHECKSUM: 28fb66917955a2cb7223d7a8fcc9cec6d8844923

COCOAPODS: 1.11.3
