PODS:
  - AKKIT (0.1.1):
    - SnapKit
    - VFont (~> 0.6.1)
  - SnapKit (5.6.0)
  - SwipeCellKit (2.7.1)
  - VFont (0.6.1)

DEPENDENCIES:
  - AKKIT (from `~/Documents/workspaces/code/swift/AKKIT`)
  - SnapKit
  - SwipeCellKit (from `https://github.com/SwipeCellKit/SwipeCellKit.git`)

SPEC REPOS:
  trunk:
    - SnapKit
    - VFont

EXTERNAL SOURCES:
  AKKIT:
    :path: "~/Documents/workspaces/code/swift/AKKIT"
  SwipeCellKit:
    :git: https://github.com/SwipeCellKit/SwipeCellKit.git

CHECKOUT OPTIONS:
  SwipeCellKit:
    :commit: 6d632bdf1b7309505566b0248a00f61b67415a37
    :git: https://github.com/SwipeCellKit/SwipeCellKit.git

SPEC CHECKSUMS:
  AKKIT: c2fbb992709a68348f2ee548ce6e42fe96e0bbb0
  SnapKit: e01d52ebb8ddbc333eefe2132acf85c8227d9c25
  SwipeCellKit: 3972254a826da74609926daf59b08d6c72e619ea
  VFont: ed3c3640a2c348487533718b479b03efc9ce9881

PODFILE CHECKSUM: 9283e9907bc8fd45a2b972d440ad380ae425a6bd

COCOAPODS: 1.11.3
