{
  "originHash" : "171cf2e87a982b5020795f5c539059c1ea13d392b4b09e2d86911d21de6be86f",
  "pins" : [
    {
      "identity" : "lottie-spm",
      "kind" : "remoteSourceControl",
      "location" : "https://github.com/airbnb/lottie-spm.git",
      "state" : {
        "revision" : "04f2fd18cc9404a0a0917265a449002674f24ec9",
        "version" : "4.5.2"
      }
    },
    {
      "identity" : "snapkit",
      "kind" : "remoteSourceControl",
      "location" : "https://github.com/SnapKit/SnapKit.git",
      "state" : {
        "revision" : "2842e6e84e82eb9a8dac0100ca90d9444b0307f4",
        "version" : "5.7.1"
      }
    },
    {
      "identity" : "swipecellkit",
      "kind" : "remoteSourceControl",
      "location" : "https://github.com/SwipeCellKit/SwipeCellKit",
      "state" : {
        "revision" : "7219cad3098637176ace311510d11467dbfb9bb0",
        "version" : "2.7.1"
      }
    },
    {
      "identity" : "vfont",
      "kind" : "remoteSourceControl",
      "location" : "https://github.com/dufflink/vfont.git",
      "state" : {
        "revision" : "eceae7296a3bb54a1e8b5fca0bda047c5ca31264",
        "version" : "0.6.1"
      }
    }
  ],
  "version" : 3
}
