// !$*UTF8*$!
{
	archiveVersion = 1;
	classes = {
	};
	objectVersion = 46;
	objects = {

/* Begin PBXBuildFile section */
		93BA6FD1343231141B90EC94 /* Pods_workoutApp.framework in Frameworks */ = {isa = PBXBuildFile; fileRef = DF8FB46A79315CA483AE7121 /* Pods_workoutApp.framework */; };
		DD0437411ECCF29F0016EFBB /* Modal.swift in Sources */ = {isa = PBXBuildFile; fileRef = DD0437401ECCF29F0016EFBB /* Modal.swift */; };
		DD0CD4C61F01023C008544EE /* ExercisePickerController.swift in Sources */ = {isa = PBXBuildFile; fileRef = DD0CD4C51F01023C008544EE /* ExercisePickerController.swift */; };
		DD0D42D61F4CD79800502C02 /* TwoRowHeader.swift in Sources */ = {isa = PBXBuildFile; fileRef = DD0D42D51F4CD79800502C02 /* TwoRowHeader.swift */; };
		DD0D42D81F4DA38600502C02 /* PickerLabelStack.swift in Sources */ = {isa = PBXBuildFile; fileRef = DD0D42D71F4DA38600502C02 /* PickerLabelStack.swift */; };
		DD0D42DC1F4DB47A00502C02 /* DeletionBox.swift in Sources */ = {isa = PBXBuildFile; fileRef = DD0D42DB1F4DB47A00502C02 /* DeletionBox.swift */; };
		DD0E1DB91F2E8ECA00E9F1C7 /* WorkoutLogHistoryTableDataSource.swift in Sources */ = {isa = PBXBuildFile; fileRef = DD0E1DB81F2E8ECA00E9F1C7 /* WorkoutLogHistoryTableDataSource.swift */; };
		DD0EB24B1F46FE9200CDA1CF /* ExerciseCellForHistory.swift in Sources */ = {isa = PBXBuildFile; fileRef = DD0EB24A1F46FE9200CDA1CF /* ExerciseCellForHistory.swift */; };
		DD0EB2521F470D7C00CDA1CF /* ExerciseCell.swift in Sources */ = {isa = PBXBuildFile; fileRef = DD0EB2511F470D7C00CDA1CF /* ExerciseCell.swift */; };
		DD109D781F3C801A00228366 /* GoalsButton.swift in Sources */ = {isa = PBXBuildFile; fileRef = DD109D771F3C801A00228366 /* GoalsButton.swift */; };
		DD109D7A1F3CA36900228366 /* AttributedText.swift in Sources */ = {isa = PBXBuildFile; fileRef = DD109D791F3CA36900228366 /* AttributedText.swift */; };
		DD151DFC1ED1DD5C0014DBC1 /* BoxFactory.swift in Sources */ = {isa = PBXBuildFile; fileRef = DD151DFB1ED1DD5C0014DBC1 /* BoxFactory.swift */; };
		DD151DFF1ED2DD310014DBC1 /* Box.swift in Sources */ = {isa = PBXBuildFile; fileRef = DD151DFE1ED2DD310014DBC1 /* Box.swift */; };
		DD151E021ED47C390014DBC1 /* UIStackViewExtensions.swift in Sources */ = {isa = PBXBuildFile; fileRef = DD151E011ED47C390014DBC1 /* UIStackViewExtensions.swift */; };
		DD18EA481EE7FA20002B5198 /* PickerProtocols.swift in Sources */ = {isa = PBXBuildFile; fileRef = DD18EA471EE7FA20002B5198 /* PickerProtocols.swift */; };
		DD1A257D1F9F500E001F354A /* MeasurementStyleExtensions.swift in Sources */ = {isa = PBXBuildFile; fileRef = DD1A257C1F9F500E001F354A /* MeasurementStyleExtensions.swift */; };
		DD1A257F1F9F5283001F354A /* ExerciseStyleExtensions.swift in Sources */ = {isa = PBXBuildFile; fileRef = DD1A257E1F9F5283001F354A /* ExerciseStyleExtensions.swift */; };
		DD1DF75F1EDB77E100CD3426 /* CustomNavigationViewController.swift in Sources */ = {isa = PBXBuildFile; fileRef = DD1DF75E1EDB77E100CD3426 /* CustomNavigationViewController.swift */; };
		DD1EA1141EE9435A00EBB7B7 /* InputView.swift in Sources */ = {isa = PBXBuildFile; fileRef = DD1EA1131EE9435A00EBB7B7 /* InputView.swift */; };
		DD1EA1601EEC1CB200EBB7B7 /* Keyboard.xib in Resources */ = {isa = PBXBuildFile; fileRef = DD1EA15F1EEC1CB200EBB7B7 /* Keyboard.xib */; };
		DD1EA1621EEC1CBC00EBB7B7 /* Keyboard.swift in Sources */ = {isa = PBXBuildFile; fileRef = DD1EA1611EEC1CBC00EBB7B7 /* Keyboard.swift */; };
		DD1EA1641EEC1CC900EBB7B7 /* InputViewController.swift in Sources */ = {isa = PBXBuildFile; fileRef = DD1EA1631EEC1CC900EBB7B7 /* InputViewController.swift */; };
		DD2A9E741F0EED600074B46F /* Footer.swift in Sources */ = {isa = PBXBuildFile; fileRef = DD2A9E731F0EED600074B46F /* Footer.swift */; };
		DD2EB3D11F39DB43007A556A /* GoalsController.swift in Sources */ = {isa = PBXBuildFile; fileRef = DD2EB3D01F39DB43007A556A /* GoalsController.swift */; };
		DD36F5131F33D44300FD31B3 /* ProfileController.swift in Sources */ = {isa = PBXBuildFile; fileRef = DD36F5121F33D44300FD31B3 /* ProfileController.swift */; };
		DD372BB01F635F76007C35B8 /* WorkoutLogExtensions.swift in Sources */ = {isa = PBXBuildFile; fileRef = DD372BAF1F635F76007C35B8 /* WorkoutLogExtensions.swift */; };
		DD3AF44B1EE45A9300C55453 /* PickerCell.swift in Sources */ = {isa = PBXBuildFile; fileRef = DD3AF44A1EE45A9300C55453 /* PickerCell.swift */; };
		DD3AF44D1EE45AB500C55453 /* PickerController.swift in Sources */ = {isa = PBXBuildFile; fileRef = DD3AF44C1EE45AB500C55453 /* PickerController.swift */; };
		DD4025D31F87AF4600A83D45 /* WeightedLiftCell.swift in Sources */ = {isa = PBXBuildFile; fileRef = DD4025D21F87AF4600A83D45 /* WeightedLiftCell.swift */; };
		DD4025D51F87AF6A00A83D45 /* UnweightedLiftCell.swift in Sources */ = {isa = PBXBuildFile; fileRef = DD4025D41F87AF6A00A83D45 /* UnweightedLiftCell.swift */; };
		DD4025D71F87DB3F00A83D45 /* ExerciseLogExtensions.swift in Sources */ = {isa = PBXBuildFile; fileRef = DD4025D61F87DB3F00A83D45 /* ExerciseLogExtensions.swift */; };
		DD41AAFC1F18F5C800CB08F5 /* NewExerciseController.swift in Sources */ = {isa = PBXBuildFile; fileRef = DD41AAFB1F18F5C800CB08F5 /* NewExerciseController.swift */; };
		DD468F831F2E1A8100A945A9 /* HistorySelectionViewController.swift in Sources */ = {isa = PBXBuildFile; fileRef = DD468F821F2E1A8100A945A9 /* HistorySelectionViewController.swift */; };
		DD468F851F2E875000A945A9 /* WorkoutTableViewController.swift in Sources */ = {isa = PBXBuildFile; fileRef = DD468F841F2E875000A945A9 /* WorkoutTableViewController.swift */; };
		DD491B7C1ED7464E008A4619 /* DataSeeder.swift in Sources */ = {isa = PBXBuildFile; fileRef = DD491B7B1ED7464E008A4619 /* DataSeeder.swift */; };
		DD49BAB31F98A964001AFAE3 /* Nextable.swift in Sources */ = {isa = PBXBuildFile; fileRef = DD49BAB21F98A964001AFAE3 /* Nextable.swift */; };
		DD49BAB51F98C29A001AFAE3 /* LiftExtensions.swift in Sources */ = {isa = PBXBuildFile; fileRef = DD49BAB41F98C29A001AFAE3 /* LiftExtensions.swift */; };
		DD4B1C0D1EC71E1100BD313B /* SelectionViewButtonStack.swift in Sources */ = {isa = PBXBuildFile; fileRef = DD4B1C0C1EC71E1100BD313B /* SelectionViewButtonStack.swift */; };
		DD4B1C101EC8606F00BD313B /* PreferencesController.swift in Sources */ = {isa = PBXBuildFile; fileRef = DD4B1C0F1EC8606F00BD313B /* PreferencesController.swift */; };
		DD4B1C121EC8616800BD313B /* SelectionViewController.swift in Sources */ = {isa = PBXBuildFile; fileRef = DD4B1C111EC8616800BD313B /* SelectionViewController.swift */; };
		DD4FF0151F6C3383005040A0 /* UIImage.swift in Sources */ = {isa = PBXBuildFile; fileRef = DD4FF0141F6C3383005040A0 /* UIImage.swift */; };
		DD4FF0171F6D320C005040A0 /* NewWorkoutController.swift in Sources */ = {isa = PBXBuildFile; fileRef = DD4FF0161F6D320C005040A0 /* NewWorkoutController.swift */; };
		DD4FF0191F6D3A8B005040A0 /* WorkoutEditor.swift in Sources */ = {isa = PBXBuildFile; fileRef = DD4FF0181F6D3A8B005040A0 /* WorkoutEditor.swift */; };
		DD4FF01B1F6D6504005040A0 /* WorkoutExtensions.swift in Sources */ = {isa = PBXBuildFile; fileRef = DD4FF01A1F6D6504005040A0 /* WorkoutExtensions.swift */; };
		DD4FF01D1F6E9CCB005040A0 /* ExerciseExtensions.swift in Sources */ = {isa = PBXBuildFile; fileRef = DD4FF01C1F6E9CCB005040A0 /* ExerciseExtensions.swift */; };
		DD585D471EC4D53900962B19 /* AppDelegate.swift in Sources */ = {isa = PBXBuildFile; fileRef = DD585D461EC4D53900962B19 /* AppDelegate.swift */; };
		DD585D4C1EC4D53900962B19 /* Main.storyboard in Resources */ = {isa = PBXBuildFile; fileRef = DD585D4A1EC4D53900962B19 /* Main.storyboard */; };
		DD585D4F1EC4D53900962B19 /* workoutApp.xcdatamodeld in Sources */ = {isa = PBXBuildFile; fileRef = DD585D4D1EC4D53900962B19 /* workoutApp.xcdatamodeld */; };
		DD585D511EC4D53900962B19 /* Assets.xcassets in Resources */ = {isa = PBXBuildFile; fileRef = DD585D501EC4D53900962B19 /* Assets.xcassets */; };
		DD585D541EC4D53900962B19 /* LaunchScreen.storyboard in Resources */ = {isa = PBXBuildFile; fileRef = DD585D521EC4D53900962B19 /* LaunchScreen.storyboard */; };
		DD585D5D1EC4D7CC00962B19 /* Colors.swift in Sources */ = {isa = PBXBuildFile; fileRef = DD585D5C1EC4D7CC00962B19 /* Colors.swift */; };
		DD585D5F1EC4DC3400962B19 /* Fonts.swift in Sources */ = {isa = PBXBuildFile; fileRef = DD585D5E1EC4DC3400962B19 /* Fonts.swift */; };
		DD585D691EC5B27B00962B19 /* CustomTabBarController.swift in Sources */ = {isa = PBXBuildFile; fileRef = DD585D681EC5B27B00962B19 /* CustomTabBarController.swift */; };
		DD585D6B1EC5E03900962B19 /* tabBarSelectionIndicatorView.swift in Sources */ = {isa = PBXBuildFile; fileRef = DD585D6A1EC5E03800962B19 /* tabBarSelectionIndicatorView.swift */; };
		DD585D6D1EC5E39F00962B19 /* Constants.swift in Sources */ = {isa = PBXBuildFile; fileRef = DD585D6C1EC5E39F00962B19 /* Constants.swift */; };
		DD585D721EC5F45E00962B19 /* SelectionViewButton.swift in Sources */ = {isa = PBXBuildFile; fileRef = DD585D711EC5F45E00962B19 /* SelectionViewButton.swift */; };
		DD585D951EC6734100962B19 /* SelectionViewHeader.swift in Sources */ = {isa = PBXBuildFile; fileRef = DD585D941EC6734100962B19 /* SelectionViewHeader.swift */; };
		DD59B0941EE1C1FA006443D4 /* Typography.swift in Sources */ = {isa = PBXBuildFile; fileRef = DD59B0931EE1C1FA006443D4 /* Typography.swift */; };
		DD59B0961EE2B98A006443D4 /* ButtonFooter.swift in Sources */ = {isa = PBXBuildFile; fileRef = DD59B0951EE2B989006443D4 /* ButtonFooter.swift */; };
		DD5CD5D01F4660A500672A1E /* ExerciseHistoryTableController.swift in Sources */ = {isa = PBXBuildFile; fileRef = DD5CD5CF1F4660A500672A1E /* ExerciseHistoryTableController.swift */; };
		DD5CD5D21F46EECA00672A1E /* ExerciseHistoryTableDataSource.swift in Sources */ = {isa = PBXBuildFile; fileRef = DD5CD5D11F46EECA00672A1E /* ExerciseHistoryTableDataSource.swift */; };
		DD5ED8381ECA5F5100D3EB1A /* CustomAlertView.swift in Sources */ = {isa = PBXBuildFile; fileRef = DD5ED8371ECA5F5100D3EB1A /* CustomAlertView.swift */; };
		DD642F971F75308A003D1177 /* MuscleExtensions.swift in Sources */ = {isa = PBXBuildFile; fileRef = DD642F961F75308A003D1177 /* MuscleExtensions.swift */; };
		DD642F9D1F754CD5003D1177 /* MusclePickerController.swift in Sources */ = {isa = PBXBuildFile; fileRef = DD642F9C1F754CD4003D1177 /* MusclePickerController.swift */; };
		DD71B57F1F79694C00D8E104 /* Muscle+CoreDataProperties.swift in Sources */ = {isa = PBXBuildFile; fileRef = DD71B57D1F79686100D8E104 /* Muscle+CoreDataProperties.swift */; };
		DD71B5801F79694C00D8E104 /* WorkoutLog+CoreDataClass.swift in Sources */ = {isa = PBXBuildFile; fileRef = DD71B57E1F79686100D8E104 /* WorkoutLog+CoreDataClass.swift */; };
		DD71B5811F79694C00D8E104 /* Lift+CoreDataProperties.swift in Sources */ = {isa = PBXBuildFile; fileRef = DD71B5761F79685E00D8E104 /* Lift+CoreDataProperties.swift */; };
		DD71B5821F79694C00D8E104 /* Workout+CoreDataProperties.swift in Sources */ = {isa = PBXBuildFile; fileRef = DD71B56F1F79685B00D8E104 /* Workout+CoreDataProperties.swift */; };
		DD71B5831F79694C00D8E104 /* ExerciseStyle+CoreDataClass.swift in Sources */ = {isa = PBXBuildFile; fileRef = DD71B57A1F79686000D8E104 /* ExerciseStyle+CoreDataClass.swift */; };
		DD71B5841F79694C00D8E104 /* Workout+CoreDataClass.swift in Sources */ = {isa = PBXBuildFile; fileRef = DD71B56C1F79685A00D8E104 /* Workout+CoreDataClass.swift */; };
		DD71B5851F79694C00D8E104 /* ExerciseLog+CoreDataClass.swift in Sources */ = {isa = PBXBuildFile; fileRef = DD71B5781F79685F00D8E104 /* ExerciseLog+CoreDataClass.swift */; };
		DD71B5861F79694C00D8E104 /* WorkoutStyle+CoreDataClass.swift in Sources */ = {isa = PBXBuildFile; fileRef = DD71B5721F79685D00D8E104 /* WorkoutStyle+CoreDataClass.swift */; };
		DD71B5871F79694C00D8E104 /* MeasurementStyle+CoreDataClass.swift in Sources */ = {isa = PBXBuildFile; fileRef = DD71B56B1F79685A00D8E104 /* MeasurementStyle+CoreDataClass.swift */; };
		DD71B5881F79694C00D8E104 /* Exercise+CoreDataProperties.swift in Sources */ = {isa = PBXBuildFile; fileRef = DD71B5751F79685E00D8E104 /* Exercise+CoreDataProperties.swift */; };
		DD71B5891F79694C00D8E104 /* Exercise+CoreDataClass.swift in Sources */ = {isa = PBXBuildFile; fileRef = DD71B56A1F79685900D8E104 /* Exercise+CoreDataClass.swift */; };
		DD71B58A1F79694C00D8E104 /* ExerciseLog+CoreDataProperties.swift in Sources */ = {isa = PBXBuildFile; fileRef = DD71B5701F79685C00D8E104 /* ExerciseLog+CoreDataProperties.swift */; };
		DD71B58B1F79694C00D8E104 /* MeasurementStyle+CoreDataProperties.swift in Sources */ = {isa = PBXBuildFile; fileRef = DD71B5771F79685F00D8E104 /* MeasurementStyle+CoreDataProperties.swift */; };
		DD71B58C1F79694C00D8E104 /* Lift+CoreDataClass.swift in Sources */ = {isa = PBXBuildFile; fileRef = DD71B5791F79685F00D8E104 /* Lift+CoreDataClass.swift */; };
		DD71B58D1F79694C00D8E104 /* ExerciseStyle+CoreDataProperties.swift in Sources */ = {isa = PBXBuildFile; fileRef = DD71B56D1F79685A00D8E104 /* ExerciseStyle+CoreDataProperties.swift */; };
		DD71B58E1F79694C00D8E104 /* WorkoutStyle+CoreDataProperties.swift in Sources */ = {isa = PBXBuildFile; fileRef = DD71B57B1F79686000D8E104 /* WorkoutStyle+CoreDataProperties.swift */; };
		DD71B58F1F79694C00D8E104 /* WorkoutLog+CoreDataProperties.swift in Sources */ = {isa = PBXBuildFile; fileRef = DD71B5691F79685900D8E104 /* WorkoutLog+CoreDataProperties.swift */; };
		DD71B5901F79694C00D8E104 /* Muscle+CoreDataClass.swift in Sources */ = {isa = PBXBuildFile; fileRef = DD71B5731F79685D00D8E104 /* Muscle+CoreDataClass.swift */; };
		DD71B5911F79694C00D8E104 /* Goal+CoreDataProperties.swift in Sources */ = {isa = PBXBuildFile; fileRef = DD71B56E1F79685B00D8E104 /* Goal+CoreDataProperties.swift */; };
		DD71B5921F79694C00D8E104 /* Warning+CoreDataProperties.swift in Sources */ = {isa = PBXBuildFile; fileRef = DD71B57C1F79686000D8E104 /* Warning+CoreDataProperties.swift */; };
		DD71B5931F79694C00D8E104 /* Goal+CoreDataClass.swift in Sources */ = {isa = PBXBuildFile; fileRef = DD71B5741F79685E00D8E104 /* Goal+CoreDataClass.swift */; };
		DD71B5941F79694C00D8E104 /* Warning+CoreDataClass.swift in Sources */ = {isa = PBXBuildFile; fileRef = DD71B5711F79685C00D8E104 /* Warning+CoreDataClass.swift */; };
		DD7600481EDF240D00871DD8 /* WorkoutController.swift in Sources */ = {isa = PBXBuildFile; fileRef = DD7600471EDF240D00871DD8 /* WorkoutController.swift */; };
		DD76004A1EDF27B600871DD8 /* TwoLabelStack.swift in Sources */ = {isa = PBXBuildFile; fileRef = DD7600491EDF27B600871DD8 /* TwoLabelStack.swift */; };
		DD77AD151F8F9CF1007A6759 /* CellIdentifiers.swift in Sources */ = {isa = PBXBuildFile; fileRef = DD77AD141F8F9CF1007A6759 /* CellIdentifiers.swift */; };
		DD7A27E21FA3404F00832030 /* workoutAppUITests.swift in Sources */ = {isa = PBXBuildFile; fileRef = DD7A27E11FA3404F00832030 /* workoutAppUITests.swift */; };
		DD7A27EA1FA340E400832030 /* SnapshotHelper.swift in Sources */ = {isa = PBXBuildFile; fileRef = DD7A27E91FA340E400832030 /* SnapshotHelper.swift */; };
		DD7C06FE1F88FA6800EAC008 /* UnweightedHistoryCell.swift in Sources */ = {isa = PBXBuildFile; fileRef = DD7C06FD1F88FA6800EAC008 /* UnweightedHistoryCell.swift */; };
		DD7C07001F89118100EAC008 /* WeightedHistoryCell.swift in Sources */ = {isa = PBXBuildFile; fileRef = DD7C06FF1F89118100EAC008 /* WeightedHistoryCell.swift */; };
		DD90AF2C1EDED26800A560F0 /* RefreshControlView.swift in Sources */ = {isa = PBXBuildFile; fileRef = DD90AF2B1EDED26800A560F0 /* RefreshControlView.swift */; };
		DD9477B61F7FE4F000E01F81 /* MuscleBasedWorkoutTableController.swift in Sources */ = {isa = PBXBuildFile; fileRef = DD9477B51F7FE4F000E01F81 /* MuscleBasedWorkoutTableController.swift */; };
		DD9477B81F7FE79500E01F81 /* MuscleBasedWorkoutTableDataSource.swift in Sources */ = {isa = PBXBuildFile; fileRef = DD9477B71F7FE79400E01F81 /* MuscleBasedWorkoutTableDataSource.swift */; };
		DD9838731F12717B00B876C7 /* CustomNotifications.swift in Sources */ = {isa = PBXBuildFile; fileRef = DD9838721F12717B00B876C7 /* CustomNotifications.swift */; };
		DDA169461F1E882900A82FBF /* TapAnywhere.swift in Sources */ = {isa = PBXBuildFile; fileRef = DDA169451F1E882900A82FBF /* TapAnywhere.swift */; };
		DDA4A3A11F5EC7F40026882A /* ApproveButtonFooter.swift in Sources */ = {isa = PBXBuildFile; fileRef = DDA4A3A01F5EC7F40026882A /* ApproveButtonFooter.swift */; };
		DDA54AD91ED84B1B008C601C /* ModelEnums.swift in Sources */ = {isa = PBXBuildFile; fileRef = DDA54AD81ED84B1B008C601C /* ModelEnums.swift */; };
		DDA54B031EDB426D008C601C /* DatabaseFacade.swift in Sources */ = {isa = PBXBuildFile; fileRef = DDA54B021EDB426D008C601C /* DatabaseFacade.swift */; };
		DDA866D81F536E8D00F277AF /* PickerHeader.swift in Sources */ = {isa = PBXBuildFile; fileRef = DDA866D71F536E8D00F277AF /* PickerHeader.swift */; };
		DDB539AC1F2E017600824CFC /* WorkoutLogHistoryTableViewController.swift in Sources */ = {isa = PBXBuildFile; fileRef = DDB539AB1F2E017500824CFC /* WorkoutLogHistoryTableViewController.swift */; };
		DDB539AE1F2E074800824CFC /* WorkoutSelectionViewController.swift in Sources */ = {isa = PBXBuildFile; fileRef = DDB539AD1F2E074800824CFC /* WorkoutSelectionViewController.swift */; };
		DDB5FF3B1F4B806300202705 /* PickableEntity.swift in Sources */ = {isa = PBXBuildFile; fileRef = DDB5FF3A1F4B806300202705 /* PickableEntity.swift */; };
		DDB5FF3D1F4CC99B00202705 /* ExerciseEditor.swift in Sources */ = {isa = PBXBuildFile; fileRef = DDB5FF3C1F4CC99B00202705 /* ExerciseEditor.swift */; };
		DDBEE8AD1F50695900A3BDA7 /* Protocols.swift in Sources */ = {isa = PBXBuildFile; fileRef = DDBEE8AC1F50695900A3BDA7 /* Protocols.swift */; };
		DDBFCA621F2CA43000ABB241 /* PlusButton.swift in Sources */ = {isa = PBXBuildFile; fileRef = DDBFCA611F2CA43000ABB241 /* PlusButton.swift */; };
		DDC660B11EE6BE9900122543 /* DrawingMethods.swift in Sources */ = {isa = PBXBuildFile; fileRef = DDC660B01EE6BE9900122543 /* DrawingMethods.swift */; };
		DDC836C11EDDCC330043DA07 /* WorkoutTableViewDataSource.swift in Sources */ = {isa = PBXBuildFile; fileRef = DDC836C01EDDCC330043DA07 /* WorkoutTableViewDataSource.swift */; };
		DDCBF83D1F9622430044F545 /* LiftCellDelegate.swift in Sources */ = {isa = PBXBuildFile; fileRef = DDCBF83C1F9622430044F545 /* LiftCellDelegate.swift */; };
		DDCF834A1F8A3D8400F87B3E /* TallExerciseTableCellBox.swift in Sources */ = {isa = PBXBuildFile; fileRef = DDCF83491F8A3D8400F87B3E /* TallExerciseTableCellBox.swift */; };
		DDCF834D1F8A42F000F87B3E /* ShortExerciseTableCellBox.swift in Sources */ = {isa = PBXBuildFile; fileRef = DDCF834C1F8A42F000F87B3E /* ShortExerciseTableCellBox.swift */; };
		DDCF834F1F8B8B4000F87B3E /* UIResponder.swift in Sources */ = {isa = PBXBuildFile; fileRef = DDCF834E1F8B8B4000F87B3E /* UIResponder.swift */; };
		DDD73FC51F700681006B905D /* TimeIntervalExtensions.swift in Sources */ = {isa = PBXBuildFile; fileRef = DDD73FC41F700681006B905D /* TimeIntervalExtensions.swift */; };
		DDD88F521F8CE5BD00552153 /* String Extensions.swift in Sources */ = {isa = PBXBuildFile; fileRef = DDD88F511F8CE5BD00552153 /* String Extensions.swift */; };
		DDD8F6761F260D1E002ED206 /* ExerciseTableProtocols.swift in Sources */ = {isa = PBXBuildFile; fileRef = DDD8F6751F260D1E002ED206 /* ExerciseTableProtocols.swift */; };
		DDDCA7791EDF6F4900F7544E /* UILabelExtensions.swift in Sources */ = {isa = PBXBuildFile; fileRef = DDDCA7781EDF6F4900F7544E /* UILabelExtensions.swift */; };
		DDDE6E511ED4DED400A03886 /* BoxTableViewController.swift in Sources */ = {isa = PBXBuildFile; fileRef = DDDE6E501ED4DED400A03886 /* BoxTableViewController.swift */; };
		DDE55B961F2F733400ED1D15 /* WorkoutLogHistoryBoxCell.swift in Sources */ = {isa = PBXBuildFile; fileRef = DDE55B951F2F733400ED1D15 /* WorkoutLogHistoryBoxCell.swift */; };
		DDE55B981F2F745F00ED1D15 /* isBoxTableViewDataSource.swift in Sources */ = {isa = PBXBuildFile; fileRef = DDE55B971F2F745F00ED1D15 /* isBoxTableViewDataSource.swift */; };
		DDE55B9B1F2FB55300ED1D15 /* WorkoutLog.swift in Sources */ = {isa = PBXBuildFile; fileRef = DDE55B9A1F2FB55300ED1D15 /* WorkoutLog.swift */; };
		DDE55B9E1F30AD4D00ED1D15 /* UserDefaults.swift in Sources */ = {isa = PBXBuildFile; fileRef = DDE55B9D1F30AD4D00ED1D15 /* UserDefaults.swift */; };
		DDEE859F1ED4922600A3F81C /* TwoRowStack.swift in Sources */ = {isa = PBXBuildFile; fileRef = DDEE859E1ED4922600A3F81C /* TwoRowStack.swift */; };
		DDEE85A31ED4AAA800A3F81C /* ThreeColumnStack.swift in Sources */ = {isa = PBXBuildFile; fileRef = DDEE85A21ED4AAA800A3F81C /* ThreeColumnStack.swift */; };
		DDEE8B591F8A222800176D0E /* ExerciseTableCellBox.swift in Sources */ = {isa = PBXBuildFile; fileRef = DDEE8B581F8A222800176D0E /* ExerciseTableCellBox.swift */; };
		DDEEA9F81EDCD99A003360CD /* WorkoutBoxCell.swift in Sources */ = {isa = PBXBuildFile; fileRef = DDEEA9F71EDCD99A003360CD /* WorkoutBoxCell.swift */; };
		DDF117121F3F562000E677CB /* SuggestionBox.swift in Sources */ = {isa = PBXBuildFile; fileRef = DDF117111F3F562000E677CB /* SuggestionBox.swift */; };
		DDF117141F3FD1B700E677CB /* SuggestionController.swift in Sources */ = {isa = PBXBuildFile; fileRef = DDF117131F3FD1B700E677CB /* SuggestionController.swift */; };
		DDF1F1EC1F07AC27001A6F0C /* LiftCell.swift in Sources */ = {isa = PBXBuildFile; fileRef = DDF1F1EB1F07AC27001A6F0C /* LiftCell.swift */; };
		DDF1F1F01F07ADE0001A6F0C /* ExerciseTableViewController.swift in Sources */ = {isa = PBXBuildFile; fileRef = DDF1F1EF1F07ADE0001A6F0C /* ExerciseTableViewController.swift */; };
		DDF1F1F61F07E3C5001A6F0C /* ExerciseTableViewDataSource.swift in Sources */ = {isa = PBXBuildFile; fileRef = DDF1F1F51F07E3C5001A6F0C /* ExerciseTableViewDataSource.swift */; };
		DDF254071F35F75C0032ED75 /* Warningbox.swift in Sources */ = {isa = PBXBuildFile; fileRef = DDF254061F35F75C0032ED75 /* Warningbox.swift */; };
		DDF95B371ECA236F009E6925 /* DiagonalLineView.swift in Sources */ = {isa = PBXBuildFile; fileRef = DDF95B361ECA236F009E6925 /* DiagonalLineView.swift */; };
		DDF95B391ECA453A009E6925 /* StackView.swift in Sources */ = {isa = PBXBuildFile; fileRef = DDF95B381ECA453A009E6925 /* StackView.swift */; };
		DDFA50FF1F571E7E00AF28A4 /* UserDefaultsFacade.swift in Sources */ = {isa = PBXBuildFile; fileRef = DDFA50FE1F571E7E00AF28A4 /* UserDefaultsFacade.swift */; };
		DDFA51011F583AE900AF28A4 /* PreferencePicker.swift in Sources */ = {isa = PBXBuildFile; fileRef = DDFA51001F583AE900AF28A4 /* PreferencePicker.swift */; };
/* End PBXBuildFile section */

/* Begin PBXContainerItemProxy section */
		DD7A27E41FA3404F00832030 /* PBXContainerItemProxy */ = {
			isa = PBXContainerItemProxy;
			containerPortal = DD585D3B1EC4D53900962B19 /* Project object */;
			proxyType = 1;
			remoteGlobalIDString = DD585D421EC4D53900962B19;
			remoteInfo = workoutApp;
		};
/* End PBXContainerItemProxy section */

/* Begin PBXFileReference section */
		63E346831A7CE52FC6E0BEE0 /* Pods-workoutApp.debug.xcconfig */ = {isa = PBXFileReference; includeInIndex = 1; lastKnownFileType = text.xcconfig; name = "Pods-workoutApp.debug.xcconfig"; path = "Pods/Target Support Files/Pods-workoutApp/Pods-workoutApp.debug.xcconfig"; sourceTree = "<group>"; };
		70BE2069C38F0C976927ED6C /* Pods-workoutApp.release.xcconfig */ = {isa = PBXFileReference; includeInIndex = 1; lastKnownFileType = text.xcconfig; name = "Pods-workoutApp.release.xcconfig"; path = "Pods/Target Support Files/Pods-workoutApp/Pods-workoutApp.release.xcconfig"; sourceTree = "<group>"; };
		DD0437401ECCF29F0016EFBB /* Modal.swift */ = {isa = PBXFileReference; fileEncoding = 4; lastKnownFileType = sourcecode.swift; path = Modal.swift; sourceTree = "<group>"; };
		DD0CD4C51F01023C008544EE /* ExercisePickerController.swift */ = {isa = PBXFileReference; fileEncoding = 4; lastKnownFileType = sourcecode.swift; path = ExercisePickerController.swift; sourceTree = "<group>"; };
		DD0D42D51F4CD79800502C02 /* TwoRowHeader.swift */ = {isa = PBXFileReference; fileEncoding = 4; lastKnownFileType = sourcecode.swift; path = TwoRowHeader.swift; sourceTree = "<group>"; };
		DD0D42D71F4DA38600502C02 /* PickerLabelStack.swift */ = {isa = PBXFileReference; fileEncoding = 4; lastKnownFileType = sourcecode.swift; path = PickerLabelStack.swift; sourceTree = "<group>"; };
		DD0D42DB1F4DB47A00502C02 /* DeletionBox.swift */ = {isa = PBXFileReference; fileEncoding = 4; lastKnownFileType = sourcecode.swift; path = DeletionBox.swift; sourceTree = "<group>"; };
		DD0E1DB81F2E8ECA00E9F1C7 /* WorkoutLogHistoryTableDataSource.swift */ = {isa = PBXFileReference; fileEncoding = 4; lastKnownFileType = sourcecode.swift; path = WorkoutLogHistoryTableDataSource.swift; sourceTree = "<group>"; };
		DD0EB24A1F46FE9200CDA1CF /* ExerciseCellForHistory.swift */ = {isa = PBXFileReference; fileEncoding = 4; lastKnownFileType = sourcecode.swift; path = ExerciseCellForHistory.swift; sourceTree = "<group>"; };
		DD0EB2511F470D7C00CDA1CF /* ExerciseCell.swift */ = {isa = PBXFileReference; fileEncoding = 4; lastKnownFileType = sourcecode.swift; path = ExerciseCell.swift; sourceTree = "<group>"; };
		DD109D771F3C801A00228366 /* GoalsButton.swift */ = {isa = PBXFileReference; fileEncoding = 4; lastKnownFileType = sourcecode.swift; path = GoalsButton.swift; sourceTree = "<group>"; };
		DD109D791F3CA36900228366 /* AttributedText.swift */ = {isa = PBXFileReference; fileEncoding = 4; lastKnownFileType = sourcecode.swift; path = AttributedText.swift; sourceTree = "<group>"; };
		DD151DFB1ED1DD5C0014DBC1 /* BoxFactory.swift */ = {isa = PBXFileReference; fileEncoding = 4; lastKnownFileType = sourcecode.swift; path = BoxFactory.swift; sourceTree = "<group>"; };
		DD151DFE1ED2DD310014DBC1 /* Box.swift */ = {isa = PBXFileReference; fileEncoding = 4; lastKnownFileType = sourcecode.swift; path = Box.swift; sourceTree = "<group>"; };
		DD151E011ED47C390014DBC1 /* UIStackViewExtensions.swift */ = {isa = PBXFileReference; fileEncoding = 4; lastKnownFileType = sourcecode.swift; path = UIStackViewExtensions.swift; sourceTree = "<group>"; };
		DD18EA471EE7FA20002B5198 /* PickerProtocols.swift */ = {isa = PBXFileReference; fileEncoding = 4; lastKnownFileType = sourcecode.swift; path = PickerProtocols.swift; sourceTree = "<group>"; };
		DD1A257C1F9F500E001F354A /* MeasurementStyleExtensions.swift */ = {isa = PBXFileReference; lastKnownFileType = sourcecode.swift; path = MeasurementStyleExtensions.swift; sourceTree = "<group>"; };
		DD1A257E1F9F5283001F354A /* ExerciseStyleExtensions.swift */ = {isa = PBXFileReference; lastKnownFileType = sourcecode.swift; path = ExerciseStyleExtensions.swift; sourceTree = "<group>"; };
		DD1DF75E1EDB77E100CD3426 /* CustomNavigationViewController.swift */ = {isa = PBXFileReference; fileEncoding = 4; lastKnownFileType = sourcecode.swift; path = CustomNavigationViewController.swift; sourceTree = "<group>"; };
		DD1EA1131EE9435A00EBB7B7 /* InputView.swift */ = {isa = PBXFileReference; fileEncoding = 4; lastKnownFileType = sourcecode.swift; path = InputView.swift; sourceTree = "<group>"; };
		DD1EA15F1EEC1CB200EBB7B7 /* Keyboard.xib */ = {isa = PBXFileReference; fileEncoding = 4; lastKnownFileType = file.xib; path = Keyboard.xib; sourceTree = "<group>"; };
		DD1EA1611EEC1CBC00EBB7B7 /* Keyboard.swift */ = {isa = PBXFileReference; fileEncoding = 4; lastKnownFileType = sourcecode.swift; path = Keyboard.swift; sourceTree = "<group>"; };
		DD1EA1631EEC1CC900EBB7B7 /* InputViewController.swift */ = {isa = PBXFileReference; fileEncoding = 4; lastKnownFileType = sourcecode.swift; path = InputViewController.swift; sourceTree = "<group>"; };
		DD2A9E731F0EED600074B46F /* Footer.swift */ = {isa = PBXFileReference; fileEncoding = 4; lastKnownFileType = sourcecode.swift; path = Footer.swift; sourceTree = "<group>"; };
		DD2EB3D01F39DB43007A556A /* GoalsController.swift */ = {isa = PBXFileReference; fileEncoding = 4; lastKnownFileType = sourcecode.swift; path = GoalsController.swift; sourceTree = "<group>"; };
		DD36F5121F33D44300FD31B3 /* ProfileController.swift */ = {isa = PBXFileReference; fileEncoding = 4; lastKnownFileType = sourcecode.swift; path = ProfileController.swift; sourceTree = "<group>"; };
		DD372BAF1F635F76007C35B8 /* WorkoutLogExtensions.swift */ = {isa = PBXFileReference; fileEncoding = 4; lastKnownFileType = sourcecode.swift; path = WorkoutLogExtensions.swift; sourceTree = "<group>"; };
		DD3AF44A1EE45A9300C55453 /* PickerCell.swift */ = {isa = PBXFileReference; fileEncoding = 4; lastKnownFileType = sourcecode.swift; path = PickerCell.swift; sourceTree = "<group>"; };
		DD3AF44C1EE45AB500C55453 /* PickerController.swift */ = {isa = PBXFileReference; fileEncoding = 4; lastKnownFileType = sourcecode.swift; path = PickerController.swift; sourceTree = "<group>"; };
		DD4025D21F87AF4600A83D45 /* WeightedLiftCell.swift */ = {isa = PBXFileReference; lastKnownFileType = sourcecode.swift; path = WeightedLiftCell.swift; sourceTree = "<group>"; };
		DD4025D41F87AF6A00A83D45 /* UnweightedLiftCell.swift */ = {isa = PBXFileReference; lastKnownFileType = sourcecode.swift; path = UnweightedLiftCell.swift; sourceTree = "<group>"; };
		DD4025D61F87DB3F00A83D45 /* ExerciseLogExtensions.swift */ = {isa = PBXFileReference; lastKnownFileType = sourcecode.swift; path = ExerciseLogExtensions.swift; sourceTree = "<group>"; };
		DD41AAFB1F18F5C800CB08F5 /* NewExerciseController.swift */ = {isa = PBXFileReference; fileEncoding = 4; lastKnownFileType = sourcecode.swift; path = NewExerciseController.swift; sourceTree = "<group>"; };
		DD468F821F2E1A8100A945A9 /* HistorySelectionViewController.swift */ = {isa = PBXFileReference; fileEncoding = 4; lastKnownFileType = sourcecode.swift; path = HistorySelectionViewController.swift; sourceTree = "<group>"; };
		DD468F841F2E875000A945A9 /* WorkoutTableViewController.swift */ = {isa = PBXFileReference; fileEncoding = 4; lastKnownFileType = sourcecode.swift; path = WorkoutTableViewController.swift; sourceTree = "<group>"; };
		DD491B7B1ED7464E008A4619 /* DataSeeder.swift */ = {isa = PBXFileReference; fileEncoding = 4; lastKnownFileType = sourcecode.swift; path = DataSeeder.swift; sourceTree = "<group>"; };
		DD49BAB21F98A964001AFAE3 /* Nextable.swift */ = {isa = PBXFileReference; lastKnownFileType = sourcecode.swift; path = Nextable.swift; sourceTree = "<group>"; };
		DD49BAB41F98C29A001AFAE3 /* LiftExtensions.swift */ = {isa = PBXFileReference; lastKnownFileType = sourcecode.swift; path = LiftExtensions.swift; sourceTree = "<group>"; };
		DD4B1C0C1EC71E1100BD313B /* SelectionViewButtonStack.swift */ = {isa = PBXFileReference; fileEncoding = 4; lastKnownFileType = sourcecode.swift; path = SelectionViewButtonStack.swift; sourceTree = "<group>"; };
		DD4B1C0F1EC8606F00BD313B /* PreferencesController.swift */ = {isa = PBXFileReference; fileEncoding = 4; lastKnownFileType = sourcecode.swift; path = PreferencesController.swift; sourceTree = "<group>"; };
		DD4B1C111EC8616800BD313B /* SelectionViewController.swift */ = {isa = PBXFileReference; fileEncoding = 4; lastKnownFileType = sourcecode.swift; path = SelectionViewController.swift; sourceTree = "<group>"; };
		DD4FF0141F6C3383005040A0 /* UIImage.swift */ = {isa = PBXFileReference; fileEncoding = 4; lastKnownFileType = sourcecode.swift; path = UIImage.swift; sourceTree = "<group>"; };
		DD4FF0161F6D320C005040A0 /* NewWorkoutController.swift */ = {isa = PBXFileReference; fileEncoding = 4; lastKnownFileType = sourcecode.swift; path = NewWorkoutController.swift; sourceTree = "<group>"; };
		DD4FF0181F6D3A8B005040A0 /* WorkoutEditor.swift */ = {isa = PBXFileReference; fileEncoding = 4; lastKnownFileType = sourcecode.swift; path = WorkoutEditor.swift; sourceTree = "<group>"; };
		DD4FF01A1F6D6504005040A0 /* WorkoutExtensions.swift */ = {isa = PBXFileReference; fileEncoding = 4; lastKnownFileType = sourcecode.swift; path = WorkoutExtensions.swift; sourceTree = "<group>"; };
		DD4FF01C1F6E9CCB005040A0 /* ExerciseExtensions.swift */ = {isa = PBXFileReference; fileEncoding = 4; lastKnownFileType = sourcecode.swift; path = ExerciseExtensions.swift; sourceTree = "<group>"; };
		DD585D431EC4D53900962B19 /* workoutApp.app */ = {isa = PBXFileReference; explicitFileType = wrapper.application; includeInIndex = 0; path = workoutApp.app; sourceTree = BUILT_PRODUCTS_DIR; };
		DD585D461EC4D53900962B19 /* AppDelegate.swift */ = {isa = PBXFileReference; lastKnownFileType = sourcecode.swift; path = AppDelegate.swift; sourceTree = "<group>"; };
		DD585D4B1EC4D53900962B19 /* Base */ = {isa = PBXFileReference; lastKnownFileType = file.storyboard; name = Base; path = Base.lproj/Main.storyboard; sourceTree = "<group>"; };
		DD585D4E1EC4D53900962B19 /* workoutApp.xcdatamodel */ = {isa = PBXFileReference; lastKnownFileType = wrapper.xcdatamodel; path = workoutApp.xcdatamodel; sourceTree = "<group>"; };
		DD585D501EC4D53900962B19 /* Assets.xcassets */ = {isa = PBXFileReference; lastKnownFileType = folder.assetcatalog; path = Assets.xcassets; sourceTree = "<group>"; };
		DD585D531EC4D53900962B19 /* Base */ = {isa = PBXFileReference; lastKnownFileType = file.storyboard; name = Base; path = Base.lproj/LaunchScreen.storyboard; sourceTree = "<group>"; };
		DD585D551EC4D53900962B19 /* Info.plist */ = {isa = PBXFileReference; lastKnownFileType = text.plist.xml; path = Info.plist; sourceTree = "<group>"; };
		DD585D5C1EC4D7CC00962B19 /* Colors.swift */ = {isa = PBXFileReference; fileEncoding = 4; lastKnownFileType = sourcecode.swift; path = Colors.swift; sourceTree = "<group>"; };
		DD585D5E1EC4DC3400962B19 /* Fonts.swift */ = {isa = PBXFileReference; fileEncoding = 4; lastKnownFileType = sourcecode.swift; path = Fonts.swift; sourceTree = "<group>"; };
		DD585D681EC5B27B00962B19 /* CustomTabBarController.swift */ = {isa = PBXFileReference; fileEncoding = 4; lastKnownFileType = sourcecode.swift; path = CustomTabBarController.swift; sourceTree = "<group>"; };
		DD585D6A1EC5E03800962B19 /* tabBarSelectionIndicatorView.swift */ = {isa = PBXFileReference; fileEncoding = 4; lastKnownFileType = sourcecode.swift; path = tabBarSelectionIndicatorView.swift; sourceTree = "<group>"; };
		DD585D6C1EC5E39F00962B19 /* Constants.swift */ = {isa = PBXFileReference; fileEncoding = 4; lastKnownFileType = sourcecode.swift; path = Constants.swift; sourceTree = "<group>"; };
		DD585D711EC5F45E00962B19 /* SelectionViewButton.swift */ = {isa = PBXFileReference; fileEncoding = 4; lastKnownFileType = sourcecode.swift; path = SelectionViewButton.swift; sourceTree = "<group>"; };
		DD585D941EC6734100962B19 /* SelectionViewHeader.swift */ = {isa = PBXFileReference; fileEncoding = 4; lastKnownFileType = sourcecode.swift; path = SelectionViewHeader.swift; sourceTree = "<group>"; };
		DD59B0931EE1C1FA006443D4 /* Typography.swift */ = {isa = PBXFileReference; fileEncoding = 4; lastKnownFileType = sourcecode.swift; path = Typography.swift; sourceTree = "<group>"; };
		DD59B0951EE2B989006443D4 /* ButtonFooter.swift */ = {isa = PBXFileReference; fileEncoding = 4; lastKnownFileType = sourcecode.swift; path = ButtonFooter.swift; sourceTree = "<group>"; };
		DD5CD5CF1F4660A500672A1E /* ExerciseHistoryTableController.swift */ = {isa = PBXFileReference; fileEncoding = 4; lastKnownFileType = sourcecode.swift; path = ExerciseHistoryTableController.swift; sourceTree = "<group>"; };
		DD5CD5D11F46EECA00672A1E /* ExerciseHistoryTableDataSource.swift */ = {isa = PBXFileReference; fileEncoding = 4; lastKnownFileType = sourcecode.swift; path = ExerciseHistoryTableDataSource.swift; sourceTree = "<group>"; };
		DD5ED8371ECA5F5100D3EB1A /* CustomAlertView.swift */ = {isa = PBXFileReference; fileEncoding = 4; lastKnownFileType = sourcecode.swift; path = CustomAlertView.swift; sourceTree = "<group>"; };
		DD642F961F75308A003D1177 /* MuscleExtensions.swift */ = {isa = PBXFileReference; lastKnownFileType = sourcecode.swift; path = MuscleExtensions.swift; sourceTree = "<group>"; };
		DD642F9C1F754CD4003D1177 /* MusclePickerController.swift */ = {isa = PBXFileReference; lastKnownFileType = sourcecode.swift; path = MusclePickerController.swift; sourceTree = "<group>"; };
		DD71B5691F79685900D8E104 /* WorkoutLog+CoreDataProperties.swift */ = {isa = PBXFileReference; lastKnownFileType = sourcecode.swift; name = "WorkoutLog+CoreDataProperties.swift"; path = "../WorkoutLog+CoreDataProperties.swift"; sourceTree = "<group>"; };
		DD71B56A1F79685900D8E104 /* Exercise+CoreDataClass.swift */ = {isa = PBXFileReference; lastKnownFileType = sourcecode.swift; name = "Exercise+CoreDataClass.swift"; path = "../Exercise+CoreDataClass.swift"; sourceTree = "<group>"; };
		DD71B56B1F79685A00D8E104 /* MeasurementStyle+CoreDataClass.swift */ = {isa = PBXFileReference; lastKnownFileType = sourcecode.swift; name = "MeasurementStyle+CoreDataClass.swift"; path = "../MeasurementStyle+CoreDataClass.swift"; sourceTree = "<group>"; };
		DD71B56C1F79685A00D8E104 /* Workout+CoreDataClass.swift */ = {isa = PBXFileReference; lastKnownFileType = sourcecode.swift; name = "Workout+CoreDataClass.swift"; path = "../Workout+CoreDataClass.swift"; sourceTree = "<group>"; };
		DD71B56D1F79685A00D8E104 /* ExerciseStyle+CoreDataProperties.swift */ = {isa = PBXFileReference; lastKnownFileType = sourcecode.swift; name = "ExerciseStyle+CoreDataProperties.swift"; path = "../ExerciseStyle+CoreDataProperties.swift"; sourceTree = "<group>"; };
		DD71B56E1F79685B00D8E104 /* Goal+CoreDataProperties.swift */ = {isa = PBXFileReference; lastKnownFileType = sourcecode.swift; name = "Goal+CoreDataProperties.swift"; path = "../Goal+CoreDataProperties.swift"; sourceTree = "<group>"; };
		DD71B56F1F79685B00D8E104 /* Workout+CoreDataProperties.swift */ = {isa = PBXFileReference; lastKnownFileType = sourcecode.swift; name = "Workout+CoreDataProperties.swift"; path = "../Workout+CoreDataProperties.swift"; sourceTree = "<group>"; };
		DD71B5701F79685C00D8E104 /* ExerciseLog+CoreDataProperties.swift */ = {isa = PBXFileReference; lastKnownFileType = sourcecode.swift; name = "ExerciseLog+CoreDataProperties.swift"; path = "../ExerciseLog+CoreDataProperties.swift"; sourceTree = "<group>"; };
		DD71B5711F79685C00D8E104 /* Warning+CoreDataClass.swift */ = {isa = PBXFileReference; lastKnownFileType = sourcecode.swift; name = "Warning+CoreDataClass.swift"; path = "../Warning+CoreDataClass.swift"; sourceTree = "<group>"; };
		DD71B5721F79685D00D8E104 /* WorkoutStyle+CoreDataClass.swift */ = {isa = PBXFileReference; lastKnownFileType = sourcecode.swift; name = "WorkoutStyle+CoreDataClass.swift"; path = "../WorkoutStyle+CoreDataClass.swift"; sourceTree = "<group>"; };
		DD71B5731F79685D00D8E104 /* Muscle+CoreDataClass.swift */ = {isa = PBXFileReference; lastKnownFileType = sourcecode.swift; name = "Muscle+CoreDataClass.swift"; path = "../Muscle+CoreDataClass.swift"; sourceTree = "<group>"; };
		DD71B5741F79685E00D8E104 /* Goal+CoreDataClass.swift */ = {isa = PBXFileReference; lastKnownFileType = sourcecode.swift; name = "Goal+CoreDataClass.swift"; path = "../Goal+CoreDataClass.swift"; sourceTree = "<group>"; };
		DD71B5751F79685E00D8E104 /* Exercise+CoreDataProperties.swift */ = {isa = PBXFileReference; lastKnownFileType = sourcecode.swift; name = "Exercise+CoreDataProperties.swift"; path = "../Exercise+CoreDataProperties.swift"; sourceTree = "<group>"; };
		DD71B5761F79685E00D8E104 /* Lift+CoreDataProperties.swift */ = {isa = PBXFileReference; lastKnownFileType = sourcecode.swift; name = "Lift+CoreDataProperties.swift"; path = "../Lift+CoreDataProperties.swift"; sourceTree = "<group>"; };
		DD71B5771F79685F00D8E104 /* MeasurementStyle+CoreDataProperties.swift */ = {isa = PBXFileReference; lastKnownFileType = sourcecode.swift; name = "MeasurementStyle+CoreDataProperties.swift"; path = "../MeasurementStyle+CoreDataProperties.swift"; sourceTree = "<group>"; };
		DD71B5781F79685F00D8E104 /* ExerciseLog+CoreDataClass.swift */ = {isa = PBXFileReference; lastKnownFileType = sourcecode.swift; name = "ExerciseLog+CoreDataClass.swift"; path = "../ExerciseLog+CoreDataClass.swift"; sourceTree = "<group>"; };
		DD71B5791F79685F00D8E104 /* Lift+CoreDataClass.swift */ = {isa = PBXFileReference; lastKnownFileType = sourcecode.swift; name = "Lift+CoreDataClass.swift"; path = "../Lift+CoreDataClass.swift"; sourceTree = "<group>"; };
		DD71B57A1F79686000D8E104 /* ExerciseStyle+CoreDataClass.swift */ = {isa = PBXFileReference; lastKnownFileType = sourcecode.swift; name = "ExerciseStyle+CoreDataClass.swift"; path = "../ExerciseStyle+CoreDataClass.swift"; sourceTree = "<group>"; };
		DD71B57B1F79686000D8E104 /* WorkoutStyle+CoreDataProperties.swift */ = {isa = PBXFileReference; lastKnownFileType = sourcecode.swift; name = "WorkoutStyle+CoreDataProperties.swift"; path = "../WorkoutStyle+CoreDataProperties.swift"; sourceTree = "<group>"; };
		DD71B57C1F79686000D8E104 /* Warning+CoreDataProperties.swift */ = {isa = PBXFileReference; lastKnownFileType = sourcecode.swift; name = "Warning+CoreDataProperties.swift"; path = "../Warning+CoreDataProperties.swift"; sourceTree = "<group>"; };
		DD71B57D1F79686100D8E104 /* Muscle+CoreDataProperties.swift */ = {isa = PBXFileReference; lastKnownFileType = sourcecode.swift; name = "Muscle+CoreDataProperties.swift"; path = "../Muscle+CoreDataProperties.swift"; sourceTree = "<group>"; };
		DD71B57E1F79686100D8E104 /* WorkoutLog+CoreDataClass.swift */ = {isa = PBXFileReference; lastKnownFileType = sourcecode.swift; name = "WorkoutLog+CoreDataClass.swift"; path = "../WorkoutLog+CoreDataClass.swift"; sourceTree = "<group>"; };
		DD7600471EDF240D00871DD8 /* WorkoutController.swift */ = {isa = PBXFileReference; fileEncoding = 4; lastKnownFileType = sourcecode.swift; path = WorkoutController.swift; sourceTree = "<group>"; };
		DD7600491EDF27B600871DD8 /* TwoLabelStack.swift */ = {isa = PBXFileReference; fileEncoding = 4; lastKnownFileType = sourcecode.swift; path = TwoLabelStack.swift; sourceTree = "<group>"; };
		DD77AD141F8F9CF1007A6759 /* CellIdentifiers.swift */ = {isa = PBXFileReference; lastKnownFileType = sourcecode.swift; path = CellIdentifiers.swift; sourceTree = "<group>"; };
		DD7A27DF1FA3404F00832030 /* workoutAppUITests.xctest */ = {isa = PBXFileReference; explicitFileType = wrapper.cfbundle; includeInIndex = 0; path = workoutAppUITests.xctest; sourceTree = BUILT_PRODUCTS_DIR; };
		DD7A27E11FA3404F00832030 /* workoutAppUITests.swift */ = {isa = PBXFileReference; lastKnownFileType = sourcecode.swift; path = workoutAppUITests.swift; sourceTree = "<group>"; };
		DD7A27E31FA3404F00832030 /* Info.plist */ = {isa = PBXFileReference; lastKnownFileType = text.plist.xml; path = Info.plist; sourceTree = "<group>"; };
		DD7A27E91FA340E400832030 /* SnapshotHelper.swift */ = {isa = PBXFileReference; lastKnownFileType = sourcecode.swift; name = SnapshotHelper.swift; path = fastlane/SnapshotHelper.swift; sourceTree = SOURCE_ROOT; };
		DD7C06FD1F88FA6800EAC008 /* UnweightedHistoryCell.swift */ = {isa = PBXFileReference; lastKnownFileType = sourcecode.swift; path = UnweightedHistoryCell.swift; sourceTree = "<group>"; };
		DD7C06FF1F89118100EAC008 /* WeightedHistoryCell.swift */ = {isa = PBXFileReference; lastKnownFileType = sourcecode.swift; path = WeightedHistoryCell.swift; sourceTree = "<group>"; };
		DD90AF2B1EDED26800A560F0 /* RefreshControlView.swift */ = {isa = PBXFileReference; fileEncoding = 4; lastKnownFileType = sourcecode.swift; path = RefreshControlView.swift; sourceTree = "<group>"; };
		DD9477B51F7FE4F000E01F81 /* MuscleBasedWorkoutTableController.swift */ = {isa = PBXFileReference; lastKnownFileType = sourcecode.swift; path = MuscleBasedWorkoutTableController.swift; sourceTree = "<group>"; };
		DD9477B71F7FE79400E01F81 /* MuscleBasedWorkoutTableDataSource.swift */ = {isa = PBXFileReference; lastKnownFileType = sourcecode.swift; path = MuscleBasedWorkoutTableDataSource.swift; sourceTree = "<group>"; };
		DD9838721F12717B00B876C7 /* CustomNotifications.swift */ = {isa = PBXFileReference; fileEncoding = 4; lastKnownFileType = sourcecode.swift; path = CustomNotifications.swift; sourceTree = "<group>"; };
		DDA169451F1E882900A82FBF /* TapAnywhere.swift */ = {isa = PBXFileReference; fileEncoding = 4; lastKnownFileType = sourcecode.swift; path = TapAnywhere.swift; sourceTree = "<group>"; };
		DDA4A3A01F5EC7F40026882A /* ApproveButtonFooter.swift */ = {isa = PBXFileReference; fileEncoding = 4; lastKnownFileType = sourcecode.swift; path = ApproveButtonFooter.swift; sourceTree = "<group>"; };
		DDA54AD81ED84B1B008C601C /* ModelEnums.swift */ = {isa = PBXFileReference; fileEncoding = 4; lastKnownFileType = sourcecode.swift; path = ModelEnums.swift; sourceTree = "<group>"; };
		DDA54B021EDB426D008C601C /* DatabaseFacade.swift */ = {isa = PBXFileReference; fileEncoding = 4; lastKnownFileType = sourcecode.swift; path = DatabaseFacade.swift; sourceTree = "<group>"; };
		DDA866D71F536E8D00F277AF /* PickerHeader.swift */ = {isa = PBXFileReference; fileEncoding = 4; lastKnownFileType = sourcecode.swift; path = PickerHeader.swift; sourceTree = "<group>"; };
		DDB539AB1F2E017500824CFC /* WorkoutLogHistoryTableViewController.swift */ = {isa = PBXFileReference; fileEncoding = 4; lastKnownFileType = sourcecode.swift; path = WorkoutLogHistoryTableViewController.swift; sourceTree = "<group>"; };
		DDB539AD1F2E074800824CFC /* WorkoutSelectionViewController.swift */ = {isa = PBXFileReference; fileEncoding = 4; lastKnownFileType = sourcecode.swift; path = WorkoutSelectionViewController.swift; sourceTree = "<group>"; };
		DDB5FF3A1F4B806300202705 /* PickableEntity.swift */ = {isa = PBXFileReference; fileEncoding = 4; lastKnownFileType = sourcecode.swift; path = PickableEntity.swift; sourceTree = "<group>"; };
		DDB5FF3C1F4CC99B00202705 /* ExerciseEditor.swift */ = {isa = PBXFileReference; fileEncoding = 4; lastKnownFileType = sourcecode.swift; path = ExerciseEditor.swift; sourceTree = "<group>"; };
		DDBEE8AC1F50695900A3BDA7 /* Protocols.swift */ = {isa = PBXFileReference; fileEncoding = 4; lastKnownFileType = sourcecode.swift; path = Protocols.swift; sourceTree = "<group>"; };
		DDBFCA611F2CA43000ABB241 /* PlusButton.swift */ = {isa = PBXFileReference; fileEncoding = 4; lastKnownFileType = sourcecode.swift; path = PlusButton.swift; sourceTree = "<group>"; };
		DDC660B01EE6BE9900122543 /* DrawingMethods.swift */ = {isa = PBXFileReference; fileEncoding = 4; lastKnownFileType = sourcecode.swift; path = DrawingMethods.swift; sourceTree = "<group>"; };
		DDC836C01EDDCC330043DA07 /* WorkoutTableViewDataSource.swift */ = {isa = PBXFileReference; fileEncoding = 4; lastKnownFileType = sourcecode.swift; path = WorkoutTableViewDataSource.swift; sourceTree = "<group>"; };
		DDCBF83C1F9622430044F545 /* LiftCellDelegate.swift */ = {isa = PBXFileReference; lastKnownFileType = sourcecode.swift; path = LiftCellDelegate.swift; sourceTree = "<group>"; };
		DDCF83491F8A3D8400F87B3E /* TallExerciseTableCellBox.swift */ = {isa = PBXFileReference; lastKnownFileType = sourcecode.swift; path = TallExerciseTableCellBox.swift; sourceTree = "<group>"; };
		DDCF834C1F8A42F000F87B3E /* ShortExerciseTableCellBox.swift */ = {isa = PBXFileReference; lastKnownFileType = sourcecode.swift; path = ShortExerciseTableCellBox.swift; sourceTree = "<group>"; };
		DDCF834E1F8B8B4000F87B3E /* UIResponder.swift */ = {isa = PBXFileReference; lastKnownFileType = sourcecode.swift; path = UIResponder.swift; sourceTree = "<group>"; };
		DDD73FC41F700681006B905D /* TimeIntervalExtensions.swift */ = {isa = PBXFileReference; fileEncoding = 4; lastKnownFileType = sourcecode.swift; path = TimeIntervalExtensions.swift; sourceTree = "<group>"; };
		DDD88F511F8CE5BD00552153 /* String Extensions.swift */ = {isa = PBXFileReference; lastKnownFileType = sourcecode.swift; path = "String Extensions.swift"; sourceTree = "<group>"; };
		DDD8F6751F260D1E002ED206 /* ExerciseTableProtocols.swift */ = {isa = PBXFileReference; fileEncoding = 4; lastKnownFileType = sourcecode.swift; path = ExerciseTableProtocols.swift; sourceTree = "<group>"; };
		DDDCA7781EDF6F4900F7544E /* UILabelExtensions.swift */ = {isa = PBXFileReference; fileEncoding = 4; lastKnownFileType = sourcecode.swift; path = UILabelExtensions.swift; sourceTree = "<group>"; };
		DDDE6E501ED4DED400A03886 /* BoxTableViewController.swift */ = {isa = PBXFileReference; fileEncoding = 4; lastKnownFileType = sourcecode.swift; path = BoxTableViewController.swift; sourceTree = "<group>"; };
		DDE55B951F2F733400ED1D15 /* WorkoutLogHistoryBoxCell.swift */ = {isa = PBXFileReference; fileEncoding = 4; lastKnownFileType = sourcecode.swift; path = WorkoutLogHistoryBoxCell.swift; sourceTree = "<group>"; };
		DDE55B971F2F745F00ED1D15 /* isBoxTableViewDataSource.swift */ = {isa = PBXFileReference; fileEncoding = 4; lastKnownFileType = sourcecode.swift; path = isBoxTableViewDataSource.swift; sourceTree = "<group>"; };
		DDE55B9A1F2FB55300ED1D15 /* WorkoutLog.swift */ = {isa = PBXFileReference; fileEncoding = 4; lastKnownFileType = sourcecode.swift; path = WorkoutLog.swift; sourceTree = "<group>"; };
		DDE55B9D1F30AD4D00ED1D15 /* UserDefaults.swift */ = {isa = PBXFileReference; fileEncoding = 4; lastKnownFileType = sourcecode.swift; path = UserDefaults.swift; sourceTree = "<group>"; };
		DDEE859E1ED4922600A3F81C /* TwoRowStack.swift */ = {isa = PBXFileReference; fileEncoding = 4; lastKnownFileType = sourcecode.swift; path = TwoRowStack.swift; sourceTree = "<group>"; };
		DDEE85A21ED4AAA800A3F81C /* ThreeColumnStack.swift */ = {isa = PBXFileReference; fileEncoding = 4; lastKnownFileType = sourcecode.swift; path = ThreeColumnStack.swift; sourceTree = "<group>"; };
		DDEE8B581F8A222800176D0E /* ExerciseTableCellBox.swift */ = {isa = PBXFileReference; lastKnownFileType = sourcecode.swift; path = ExerciseTableCellBox.swift; sourceTree = "<group>"; };
		DDEEA9F71EDCD99A003360CD /* WorkoutBoxCell.swift */ = {isa = PBXFileReference; fileEncoding = 4; lastKnownFileType = sourcecode.swift; path = WorkoutBoxCell.swift; sourceTree = "<group>"; };
		DDF117111F3F562000E677CB /* SuggestionBox.swift */ = {isa = PBXFileReference; fileEncoding = 4; lastKnownFileType = sourcecode.swift; path = SuggestionBox.swift; sourceTree = "<group>"; };
		DDF117131F3FD1B700E677CB /* SuggestionController.swift */ = {isa = PBXFileReference; fileEncoding = 4; lastKnownFileType = sourcecode.swift; path = SuggestionController.swift; sourceTree = "<group>"; };
		DDF1F1EB1F07AC27001A6F0C /* LiftCell.swift */ = {isa = PBXFileReference; fileEncoding = 4; lastKnownFileType = sourcecode.swift; path = LiftCell.swift; sourceTree = "<group>"; };
		DDF1F1EF1F07ADE0001A6F0C /* ExerciseTableViewController.swift */ = {isa = PBXFileReference; fileEncoding = 4; lastKnownFileType = sourcecode.swift; path = ExerciseTableViewController.swift; sourceTree = "<group>"; };
		DDF1F1F51F07E3C5001A6F0C /* ExerciseTableViewDataSource.swift */ = {isa = PBXFileReference; fileEncoding = 4; lastKnownFileType = sourcecode.swift; path = ExerciseTableViewDataSource.swift; sourceTree = "<group>"; };
		DDF254061F35F75C0032ED75 /* Warningbox.swift */ = {isa = PBXFileReference; fileEncoding = 4; lastKnownFileType = sourcecode.swift; path = Warningbox.swift; sourceTree = "<group>"; };
		DDF95B361ECA236F009E6925 /* DiagonalLineView.swift */ = {isa = PBXFileReference; fileEncoding = 4; lastKnownFileType = sourcecode.swift; path = DiagonalLineView.swift; sourceTree = "<group>"; };
		DDF95B381ECA453A009E6925 /* StackView.swift */ = {isa = PBXFileReference; fileEncoding = 4; lastKnownFileType = sourcecode.swift; path = StackView.swift; sourceTree = "<group>"; };
		DDFA50FE1F571E7E00AF28A4 /* UserDefaultsFacade.swift */ = {isa = PBXFileReference; fileEncoding = 4; lastKnownFileType = sourcecode.swift; path = UserDefaultsFacade.swift; sourceTree = "<group>"; };
		DDFA51001F583AE900AF28A4 /* PreferencePicker.swift */ = {isa = PBXFileReference; fileEncoding = 4; lastKnownFileType = sourcecode.swift; path = PreferencePicker.swift; sourceTree = "<group>"; };
		DF8FB46A79315CA483AE7121 /* Pods_workoutApp.framework */ = {isa = PBXFileReference; explicitFileType = wrapper.framework; includeInIndex = 0; path = Pods_workoutApp.framework; sourceTree = BUILT_PRODUCTS_DIR; };
/* End PBXFileReference section */

/* Begin PBXFrameworksBuildPhase section */
		DD585D401EC4D53900962B19 /* Frameworks */ = {
			isa = PBXFrameworksBuildPhase;
			buildActionMask = 2147483647;
			files = (
				93BA6FD1343231141B90EC94 /* Pods_workoutApp.framework in Frameworks */,
			);
			runOnlyForDeploymentPostprocessing = 0;
		};
		DD7A27DC1FA3404F00832030 /* Frameworks */ = {
			isa = PBXFrameworksBuildPhase;
			buildActionMask = 2147483647;
			files = (
			);
			runOnlyForDeploymentPostprocessing = 0;
		};
/* End PBXFrameworksBuildPhase section */

/* Begin PBXGroup section */
		38709445547C5C0A771DD6F6 /* Pods */ = {
			isa = PBXGroup;
			children = (
				63E346831A7CE52FC6E0BEE0 /* Pods-workoutApp.debug.xcconfig */,
				70BE2069C38F0C976927ED6C /* Pods-workoutApp.release.xcconfig */,
			);
			name = Pods;
			sourceTree = "<group>";
		};
		8700045E68E513DDEDCEFDB2 /* Frameworks */ = {
			isa = PBXGroup;
			children = (
				DF8FB46A79315CA483AE7121 /* Pods_workoutApp.framework */,
			);
			name = Frameworks;
			sourceTree = "<group>";
		};
		DD06118D1F4B013300AEACCF /* Pickers */ = {
			isa = PBXGroup;
			children = (
				DDBEE8AC1F50695900A3BDA7 /* Protocols.swift */,
				DD3AF44A1EE45A9300C55453 /* PickerCell.swift */,
				DD3AF44C1EE45AB500C55453 /* PickerController.swift */,
				DD18EA471EE7FA20002B5198 /* PickerProtocols.swift */,
				DD0CD4C41F010122008544EE /* MuliplePickerController */,
			);
			name = Pickers;
			sourceTree = "<group>";
		};
		DD0CD4C41F010122008544EE /* MuliplePickerController */ = {
			isa = PBXGroup;
			children = (
				DD0CD4C51F01023C008544EE /* ExercisePickerController.swift */,
				DD642F9C1F754CD4003D1177 /* MusclePickerController.swift */,
			);
			name = MuliplePickerController;
			sourceTree = "<group>";
		};
		DD0D42D11F4CCE2900502C02 /* Components */ = {
			isa = PBXGroup;
			children = (
				DDBFCA611F2CA43000ABB241 /* PlusButton.swift */,
				DD151DFD1ED1DD6F0014DBC1 /* Box Abstract Factory */,
				DDA4A3A21F5ECD630026882A /* Footer */,
				DD7600491EDF27B600871DD8 /* TwoLabelStack.swift */,
				DD0D42D51F4CD79800502C02 /* TwoRowHeader.swift */,
				DD0D42D71F4DA38600502C02 /* PickerLabelStack.swift */,
				DDA866D71F536E8D00F277AF /* PickerHeader.swift */,
			);
			name = Components;
			sourceTree = "<group>";
		};
		DD0D42D21F4CCE4B00502C02 /* Editors */ = {
			isa = PBXGroup;
			children = (
				DDB5FF3C1F4CC99B00202705 /* ExerciseEditor.swift */,
				DD4FF0181F6D3A8B005040A0 /* WorkoutEditor.swift */,
			);
			name = Editors;
			sourceTree = "<group>";
		};
		DD0EB24C1F4702F200CDA1CF /* Cells */ = {
			isa = PBXGroup;
			children = (
				DD0EB2511F470D7C00CDA1CF /* ExerciseCell.swift */,
				DD77AD141F8F9CF1007A6759 /* CellIdentifiers.swift */,
				DD0EB24A1F46FE9200CDA1CF /* ExerciseCellForHistory.swift */,
			);
			name = Cells;
			sourceTree = "<group>";
		};
		DD0EB2731F48EAF700CDA1CF /* Preferences */ = {
			isa = PBXGroup;
			children = (
				DD4B1C0F1EC8606F00BD313B /* PreferencesController.swift */,
				DDFA50FE1F571E7E00AF28A4 /* UserDefaultsFacade.swift */,
				DDFA51001F583AE900AF28A4 /* PreferencePicker.swift */,
			);
			name = Preferences;
			sourceTree = "<group>";
		};
		DD109D7B1F3CA37A00228366 /* Helpers */ = {
			isa = PBXGroup;
			children = (
				DD109D791F3CA36900228366 /* AttributedText.swift */,
			);
			name = Helpers;
			sourceTree = "<group>";
		};
		DD151DFD1ED1DD6F0014DBC1 /* Box Abstract Factory */ = {
			isa = PBXGroup;
			children = (
				DD151DFE1ED2DD310014DBC1 /* Box.swift */,
				DD151DFB1ED1DD5C0014DBC1 /* BoxFactory.swift */,
				DDF254061F35F75C0032ED75 /* Warningbox.swift */,
				DD0D42DB1F4DB47A00502C02 /* DeletionBox.swift */,
				DDF117111F3F562000E677CB /* SuggestionBox.swift */,
				DDCF834B1F8A42B800F87B3E /* ExerciseTable Boxes */,
				DDEE859D1ED4921000A3F81C /* Helper Classes */,
			);
			name = "Box Abstract Factory";
			sourceTree = "<group>";
		};
		DD151E001ED47C200014DBC1 /* Native Extensions */ = {
			isa = PBXGroup;
			children = (
				DDE55B9D1F30AD4D00ED1D15 /* UserDefaults.swift */,
				DD151E011ED47C390014DBC1 /* UIStackViewExtensions.swift */,
				DDDCA7781EDF6F4900F7544E /* UILabelExtensions.swift */,
				DD4FF0141F6C3383005040A0 /* UIImage.swift */,
				DDD73FC41F700681006B905D /* TimeIntervalExtensions.swift */,
				DDCF834E1F8B8B4000F87B3E /* UIResponder.swift */,
				DDD88F511F8CE5BD00552153 /* String Extensions.swift */,
			);
			name = "Native Extensions";
			sourceTree = "<group>";
		};
		DD1DF75D1EDB77B100CD3426 /* NavigationController */ = {
			isa = PBXGroup;
			children = (
				DD1DF75E1EDB77E100CD3426 /* CustomNavigationViewController.swift */,
			);
			name = NavigationController;
			sourceTree = "<group>";
		};
		DD1EA1121EE9434800EBB7B7 /* InputViewController */ = {
			isa = PBXGroup;
			children = (
				DD1EA1131EE9435A00EBB7B7 /* InputView.swift */,
				DD1EA1631EEC1CC900EBB7B7 /* InputViewController.swift */,
			);
			name = InputViewController;
			sourceTree = "<group>";
		};
		DD34C5781F4657850050BDB0 /* History */ = {
			isa = PBXGroup;
			children = (
				DD5CD5CF1F4660A500672A1E /* ExerciseHistoryTableController.swift */,
				DD5CD5D11F46EECA00672A1E /* ExerciseHistoryTableDataSource.swift */,
			);
			name = History;
			sourceTree = "<group>";
		};
		DD34C5791F46579E0050BDB0 /* TableViews */ = {
			isa = PBXGroup;
			children = (
				DDDE6E521ED4DF4900A03886 /* Box Tables */,
				DDF1F1EA1F07AAAF001A6F0C /* Exercise Tables */,
			);
			name = TableViews;
			sourceTree = "<group>";
		};
		DD36F5111F33D41300FD31B3 /* Profile */ = {
			isa = PBXGroup;
			children = (
				DD36F5121F33D44300FD31B3 /* ProfileController.swift */,
				DD0EB2731F48EAF700CDA1CF /* Preferences */,
				DDF1170E1F3F4B6800E677CB /* SuggestionController */,
				DDF1170D1F3F4B5400E677CB /* GoalController */,
				DD109D7B1F3CA37A00228366 /* Helpers */,
			);
			name = Profile;
			sourceTree = "<group>";
		};
		DD468F861F2E8B9200A945A9 /* Workout Table */ = {
			isa = PBXGroup;
			children = (
				DD9477B31F7FE4A200E01F81 /* MuscleBasedWorkoutTable */,
				DD9477B41F7FE4C600E01F81 /* StyleBasedWorkoutTable */,
			);
			name = "Workout Table";
			sourceTree = "<group>";
		};
		DD585D3A1EC4D53900962B19 = {
			isa = PBXGroup;
			children = (
				DDA7276C1ED5BA3500068AD4 /* Core Data */,
				DD585D451EC4D53900962B19 /* workoutApp */,
				DD7A27E01FA3404F00832030 /* workoutAppUITests */,
				DD585D441EC4D53900962B19 /* Products */,
				38709445547C5C0A771DD6F6 /* Pods */,
				8700045E68E513DDEDCEFDB2 /* Frameworks */,
			);
			sourceTree = "<group>";
		};
		DD585D441EC4D53900962B19 /* Products */ = {
			isa = PBXGroup;
			children = (
				DD585D431EC4D53900962B19 /* workoutApp.app */,
				DD7A27DF1FA3404F00832030 /* workoutAppUITests.xctest */,
			);
			name = Products;
			sourceTree = "<group>";
		};
		DD585D451EC4D53900962B19 /* workoutApp */ = {
			isa = PBXGroup;
			children = (
				DD151E001ED47C200014DBC1 /* Native Extensions */,
				DD36F5111F33D41300FD31B3 /* Profile */,
				DD0D42D21F4CCE4B00502C02 /* Editors */,
				DD0D42D11F4CCE2900502C02 /* Components */,
				DD06118D1F4B013300AEACCF /* Pickers */,
				DD7600461EDF23E900871DD8 /* Workout / Exercise */,
				DD1EA1121EE9434800EBB7B7 /* InputViewController */,
				DD34C5791F46579E0050BDB0 /* TableViews */,
				DD1DF75D1EDB77B100CD3426 /* NavigationController */,
				DD98A5021F13AAAE002985BF /* Custom Keyboard */,
				DD5ED8391ECA5F5800D3EB1A /* Modal */,
				DD585D6E1EC5F41200962B19 /* SelectionViewController */,
				DD585D671EC5B24500962B19 /* Tab bar */,
				DD585D5B1EC4D78D00962B19 /* Style */,
				DDE55B9C1F30AD3900ED1D15 /* Onboarding */,
				DD9838711F12716900B876C7 /* Notifications */,
				DD585D501EC4D53900962B19 /* Assets.xcassets */,
				DD585D4A1EC4D53900962B19 /* Main.storyboard */,
				DD585D521EC4D53900962B19 /* LaunchScreen.storyboard */,
				DD585D461EC4D53900962B19 /* AppDelegate.swift */,
				DD585D6C1EC5E39F00962B19 /* Constants.swift */,
				DD585D551EC4D53900962B19 /* Info.plist */,
				DD585D4D1EC4D53900962B19 /* workoutApp.xcdatamodeld */,
			);
			path = workoutApp;
			sourceTree = "<group>";
		};
		DD585D5B1EC4D78D00962B19 /* Style */ = {
			isa = PBXGroup;
			children = (
				DD585D5C1EC4D7CC00962B19 /* Colors.swift */,
				DD585D5E1EC4DC3400962B19 /* Fonts.swift */,
				DD59B0931EE1C1FA006443D4 /* Typography.swift */,
				DDC660B01EE6BE9900122543 /* DrawingMethods.swift */,
			);
			name = Style;
			sourceTree = "<group>";
		};
		DD585D671EC5B24500962B19 /* Tab bar */ = {
			isa = PBXGroup;
			children = (
				DD585D681EC5B27B00962B19 /* CustomTabBarController.swift */,
				DD585D6A1EC5E03800962B19 /* tabBarSelectionIndicatorView.swift */,
			);
			name = "Tab bar";
			sourceTree = "<group>";
		};
		DD585D6E1EC5F41200962B19 /* SelectionViewController */ = {
			isa = PBXGroup;
			children = (
				DD4B1C111EC8616800BD313B /* SelectionViewController.swift */,
				DDB539AD1F2E074800824CFC /* WorkoutSelectionViewController.swift */,
				DD468F821F2E1A8100A945A9 /* HistorySelectionViewController.swift */,
				DDF95B381ECA453A009E6925 /* StackView.swift */,
				DD585D711EC5F45E00962B19 /* SelectionViewButton.swift */,
				DD585D941EC6734100962B19 /* SelectionViewHeader.swift */,
				DD4B1C0C1EC71E1100BD313B /* SelectionViewButtonStack.swift */,
				DDF95B361ECA236F009E6925 /* DiagonalLineView.swift */,
			);
			name = SelectionViewController;
			sourceTree = "<group>";
		};
		DD5ED8391ECA5F5800D3EB1A /* Modal */ = {
			isa = PBXGroup;
			children = (
				DD5ED8371ECA5F5100D3EB1A /* CustomAlertView.swift */,
				DD0437401ECCF29F0016EFBB /* Modal.swift */,
			);
			name = Modal;
			sourceTree = "<group>";
		};
		DD7600461EDF23E900871DD8 /* Workout / Exercise */ = {
			isa = PBXGroup;
			children = (
				DD7600471EDF240D00871DD8 /* WorkoutController.swift */,
				DD4FF0161F6D320C005040A0 /* NewWorkoutController.swift */,
				DD41AAFB1F18F5C800CB08F5 /* NewExerciseController.swift */,
			);
			name = "Workout / Exercise";
			sourceTree = "<group>";
		};
		DD77AD121F8F839B007A6759 /* For History Table */ = {
			isa = PBXGroup;
			children = (
			);
			name = "For History Table";
			sourceTree = "<group>";
		};
		DD7A27E01FA3404F00832030 /* workoutAppUITests */ = {
			isa = PBXGroup;
			children = (
				DD7A27E91FA340E400832030 /* SnapshotHelper.swift */,
				DD7A27E11FA3404F00832030 /* workoutAppUITests.swift */,
				DD7A27E31FA3404F00832030 /* Info.plist */,
			);
			path = workoutAppUITests;
			sourceTree = "<group>";
		};
		DD90AF2A1EDED25600A560F0 /* Refresh Control */ = {
			isa = PBXGroup;
			children = (
				DD90AF2B1EDED26800A560F0 /* RefreshControlView.swift */,
			);
			name = "Refresh Control";
			sourceTree = "<group>";
		};
		DD9477B31F7FE4A200E01F81 /* MuscleBasedWorkoutTable */ = {
			isa = PBXGroup;
			children = (
				DD9477B51F7FE4F000E01F81 /* MuscleBasedWorkoutTableController.swift */,
				DD9477B71F7FE79400E01F81 /* MuscleBasedWorkoutTableDataSource.swift */,
			);
			name = MuscleBasedWorkoutTable;
			sourceTree = "<group>";
		};
		DD9477B41F7FE4C600E01F81 /* StyleBasedWorkoutTable */ = {
			isa = PBXGroup;
			children = (
				DD468F841F2E875000A945A9 /* WorkoutTableViewController.swift */,
				DDC836C01EDDCC330043DA07 /* WorkoutTableViewDataSource.swift */,
				DDEEA9F71EDCD99A003360CD /* WorkoutBoxCell.swift */,
			);
			name = StyleBasedWorkoutTable;
			sourceTree = "<group>";
		};
		DD9838711F12716900B876C7 /* Notifications */ = {
			isa = PBXGroup;
			children = (
				DD9838721F12717B00B876C7 /* CustomNotifications.swift */,
			);
			name = Notifications;
			sourceTree = "<group>";
		};
		DD98A5021F13AAAE002985BF /* Custom Keyboard */ = {
			isa = PBXGroup;
			children = (
				DD1EA1611EEC1CBC00EBB7B7 /* Keyboard.swift */,
				DDA169451F1E882900A82FBF /* TapAnywhere.swift */,
				DD1EA15F1EEC1CB200EBB7B7 /* Keyboard.xib */,
			);
			name = "Custom Keyboard";
			sourceTree = "<group>";
		};
		DDA4A3A21F5ECD630026882A /* Footer */ = {
			isa = PBXGroup;
			children = (
				DD59B0951EE2B989006443D4 /* ButtonFooter.swift */,
				DDA4A3A01F5EC7F40026882A /* ApproveButtonFooter.swift */,
			);
			name = Footer;
			sourceTree = "<group>";
		};
		DDA7276C1ED5BA3500068AD4 /* Core Data */ = {
			isa = PBXGroup;
			children = (
				DD71B56C1F79685A00D8E104 /* Workout+CoreDataClass.swift */,
				DD71B56F1F79685B00D8E104 /* Workout+CoreDataProperties.swift */,
				DD71B5721F79685D00D8E104 /* WorkoutStyle+CoreDataClass.swift */,
				DD71B57B1F79686000D8E104 /* WorkoutStyle+CoreDataProperties.swift */,
				DD71B5791F79685F00D8E104 /* Lift+CoreDataClass.swift */,
				DD71B5761F79685E00D8E104 /* Lift+CoreDataProperties.swift */,
				DD71B56B1F79685A00D8E104 /* MeasurementStyle+CoreDataClass.swift */,
				DD71B5771F79685F00D8E104 /* MeasurementStyle+CoreDataProperties.swift */,
				DD71B5781F79685F00D8E104 /* ExerciseLog+CoreDataClass.swift */,
				DD71B5701F79685C00D8E104 /* ExerciseLog+CoreDataProperties.swift */,
				DD71B5711F79685C00D8E104 /* Warning+CoreDataClass.swift */,
				DD71B57C1F79686000D8E104 /* Warning+CoreDataProperties.swift */,
				DD71B56A1F79685900D8E104 /* Exercise+CoreDataClass.swift */,
				DD71B5751F79685E00D8E104 /* Exercise+CoreDataProperties.swift */,
				DD71B57A1F79686000D8E104 /* ExerciseStyle+CoreDataClass.swift */,
				DD71B56D1F79685A00D8E104 /* ExerciseStyle+CoreDataProperties.swift */,
				DD71B5731F79685D00D8E104 /* Muscle+CoreDataClass.swift */,
				DD71B57D1F79686100D8E104 /* Muscle+CoreDataProperties.swift */,
				DD71B5741F79685E00D8E104 /* Goal+CoreDataClass.swift */,
				DD71B56E1F79685B00D8E104 /* Goal+CoreDataProperties.swift */,
				DD71B57E1F79686100D8E104 /* WorkoutLog+CoreDataClass.swift */,
				DD71B5691F79685900D8E104 /* WorkoutLog+CoreDataProperties.swift */,
				DDA54AD81ED84B1B008C601C /* ModelEnums.swift */,
				DD491B7B1ED7464E008A4619 /* DataSeeder.swift */,
				DDA54B021EDB426D008C601C /* DatabaseFacade.swift */,
				DDB5FF391F4B804600202705 /* Extensions */,
				DDE55B991F2FB53C00ED1D15 /* Managed Object Subclass Extensions */,
			);
			name = "Core Data";
			path = workoutApp;
			sourceTree = "<group>";
		};
		DDB539AA1F2E014600824CFC /* WorkoutLog History Table */ = {
			isa = PBXGroup;
			children = (
				DDB539AB1F2E017500824CFC /* WorkoutLogHistoryTableViewController.swift */,
				DD0E1DB81F2E8ECA00E9F1C7 /* WorkoutLogHistoryTableDataSource.swift */,
				DDE55B951F2F733400ED1D15 /* WorkoutLogHistoryBoxCell.swift */,
			);
			name = "WorkoutLog History Table";
			sourceTree = "<group>";
		};
		DDB5FF391F4B804600202705 /* Extensions */ = {
			isa = PBXGroup;
			children = (
				DDB5FF3A1F4B806300202705 /* PickableEntity.swift */,
				DD1A257C1F9F500E001F354A /* MeasurementStyleExtensions.swift */,
				DD4FF01C1F6E9CCB005040A0 /* ExerciseExtensions.swift */,
				DD4025D61F87DB3F00A83D45 /* ExerciseLogExtensions.swift */,
				DD4FF01A1F6D6504005040A0 /* WorkoutExtensions.swift */,
				DD1A257E1F9F5283001F354A /* ExerciseStyleExtensions.swift */,
				DD372BAF1F635F76007C35B8 /* WorkoutLogExtensions.swift */,
				DD642F961F75308A003D1177 /* MuscleExtensions.swift */,
				DD49BAB41F98C29A001AFAE3 /* LiftExtensions.swift */,
			);
			name = Extensions;
			sourceTree = "<group>";
		};
		DDCF834B1F8A42B800F87B3E /* ExerciseTable Boxes */ = {
			isa = PBXGroup;
			children = (
				DDEE8B581F8A222800176D0E /* ExerciseTableCellBox.swift */,
				DDCF834C1F8A42F000F87B3E /* ShortExerciseTableCellBox.swift */,
				DDCF83491F8A3D8400F87B3E /* TallExerciseTableCellBox.swift */,
			);
			name = "ExerciseTable Boxes";
			sourceTree = "<group>";
		};
		DDDE6E521ED4DF4900A03886 /* Box Tables */ = {
			isa = PBXGroup;
			children = (
				DDDE6E501ED4DED400A03886 /* BoxTableViewController.swift */,
				DDE55B971F2F745F00ED1D15 /* isBoxTableViewDataSource.swift */,
				DD90AF2A1EDED25600A560F0 /* Refresh Control */,
				DD468F861F2E8B9200A945A9 /* Workout Table */,
				DDB539AA1F2E014600824CFC /* WorkoutLog History Table */,
			);
			name = "Box Tables";
			sourceTree = "<group>";
		};
		DDE55B991F2FB53C00ED1D15 /* Managed Object Subclass Extensions */ = {
			isa = PBXGroup;
			children = (
				DDE55B9A1F2FB55300ED1D15 /* WorkoutLog.swift */,
			);
			name = "Managed Object Subclass Extensions";
			sourceTree = "<group>";
		};
		DDE55B9C1F30AD3900ED1D15 /* Onboarding */ = {
			isa = PBXGroup;
			children = (
			);
			name = Onboarding;
			sourceTree = "<group>";
		};
		DDEE859D1ED4921000A3F81C /* Helper Classes */ = {
			isa = PBXGroup;
			children = (
				DDEE859E1ED4922600A3F81C /* TwoRowStack.swift */,
				DDEE85A21ED4AAA800A3F81C /* ThreeColumnStack.swift */,
			);
			name = "Helper Classes";
			sourceTree = "<group>";
		};
		DDF1170D1F3F4B5400E677CB /* GoalController */ = {
			isa = PBXGroup;
			children = (
				DD2EB3D01F39DB43007A556A /* GoalsController.swift */,
				DD109D771F3C801A00228366 /* GoalsButton.swift */,
			);
			name = GoalController;
			sourceTree = "<group>";
		};
		DDF1170E1F3F4B6800E677CB /* SuggestionController */ = {
			isa = PBXGroup;
			children = (
				DDF117131F3FD1B700E677CB /* SuggestionController.swift */,
			);
			name = SuggestionController;
			sourceTree = "<group>";
		};
		DDF1F1EA1F07AAAF001A6F0C /* Exercise Tables */ = {
			isa = PBXGroup;
			children = (
				DD0EB24C1F4702F200CDA1CF /* Cells */,
				DDF1F1F31F07E14F001A6F0C /* For workouts */,
				DD34C5781F4657850050BDB0 /* History */,
				DDF1F1F41F07E162001A6F0C /* CollectionView Cells / Lifts */,
			);
			name = "Exercise Tables";
			sourceTree = "<group>";
		};
		DDF1F1F31F07E14F001A6F0C /* For workouts */ = {
			isa = PBXGroup;
			children = (
				DDF1F1EF1F07ADE0001A6F0C /* ExerciseTableViewController.swift */,
				DDF1F1F51F07E3C5001A6F0C /* ExerciseTableViewDataSource.swift */,
				DDD8F6751F260D1E002ED206 /* ExerciseTableProtocols.swift */,
				DD2A9E731F0EED600074B46F /* Footer.swift */,
			);
			name = "For workouts";
			sourceTree = "<group>";
		};
		DDF1F1F41F07E162001A6F0C /* CollectionView Cells / Lifts */ = {
			isa = PBXGroup;
			children = (
				DDF1F1EB1F07AC27001A6F0C /* LiftCell.swift */,
				DDCBF83C1F9622430044F545 /* LiftCellDelegate.swift */,
				DD49BAB21F98A964001AFAE3 /* Nextable.swift */,
				DD77AD121F8F839B007A6759 /* For History Table */,
				DD4025D21F87AF4600A83D45 /* WeightedLiftCell.swift */,
				DD4025D41F87AF6A00A83D45 /* UnweightedLiftCell.swift */,
				DD7C06FD1F88FA6800EAC008 /* UnweightedHistoryCell.swift */,
				DD7C06FF1F89118100EAC008 /* WeightedHistoryCell.swift */,
			);
			name = "CollectionView Cells / Lifts";
			sourceTree = "<group>";
		};
/* End PBXGroup section */

/* Begin PBXNativeTarget section */
		DD585D421EC4D53900962B19 /* workoutApp */ = {
			isa = PBXNativeTarget;
			buildConfigurationList = DD585D581EC4D53900962B19 /* Build configuration list for PBXNativeTarget "workoutApp" */;
			buildPhases = (
				A1772F20424F5805CD7FA8BD /* [CP] Check Pods Manifest.lock */,
				DD585D3F1EC4D53900962B19 /* Sources */,
				DD585D401EC4D53900962B19 /* Frameworks */,
				DD585D411EC4D53900962B19 /* Resources */,
				16766AD6807D59FF75408A1C /* [CP] Embed Pods Frameworks */,
				014D582AFE8B2DA99329CDA9 /* [CP] Copy Pods Resources */,
			);
			buildRules = (
			);
			dependencies = (
			);
			name = workoutApp;
			productName = workoutApp;
			productReference = DD585D431EC4D53900962B19 /* workoutApp.app */;
			productType = "com.apple.product-type.application";
		};
		DD7A27DE1FA3404F00832030 /* workoutAppUITests */ = {
			isa = PBXNativeTarget;
			buildConfigurationList = DD7A27E81FA3404F00832030 /* Build configuration list for PBXNativeTarget "workoutAppUITests" */;
			buildPhases = (
				DD7A27DB1FA3404F00832030 /* Sources */,
				DD7A27DC1FA3404F00832030 /* Frameworks */,
				DD7A27DD1FA3404F00832030 /* Resources */,
			);
			buildRules = (
			);
			dependencies = (
				DD7A27E51FA3404F00832030 /* PBXTargetDependency */,
			);
			name = workoutAppUITests;
			productName = workoutAppUITests;
			productReference = DD7A27DF1FA3404F00832030 /* workoutAppUITests.xctest */;
			productType = "com.apple.product-type.bundle.ui-testing";
		};
/* End PBXNativeTarget section */

/* Begin PBXProject section */
		DD585D3B1EC4D53900962B19 /* Project object */ = {
			isa = PBXProject;
			attributes = {
				LastSwiftUpdateCheck = 0900;
				LastUpgradeCheck = 0900;
				ORGANIZATIONNAME = "Alexander Kvamme";
				TargetAttributes = {
					DD585D421EC4D53900962B19 = {
						CreatedOnToolsVersion = 8.2.1;
						DevelopmentTeam = 52VSB9N5CT;
						LastSwiftMigration = 0900;
						ProvisioningStyle = Automatic;
					};
					DD7A27DE1FA3404F00832030 = {
						CreatedOnToolsVersion = 9.0;
						DevelopmentTeam = 52VSB9N5CT;
						ProvisioningStyle = Automatic;
						TestTargetID = DD585D421EC4D53900962B19;
					};
				};
			};
			buildConfigurationList = DD585D3E1EC4D53900962B19 /* Build configuration list for PBXProject "workoutApp" */;
			compatibilityVersion = "Xcode 3.2";
			developmentRegion = English;
			hasScannedForEncodings = 0;
			knownRegions = (
				en,
				Base,
			);
			mainGroup = DD585D3A1EC4D53900962B19;
			productRefGroup = DD585D441EC4D53900962B19 /* Products */;
			projectDirPath = "";
			projectRoot = "";
			targets = (
				DD585D421EC4D53900962B19 /* workoutApp */,
				DD7A27DE1FA3404F00832030 /* workoutAppUITests */,
			);
		};
/* End PBXProject section */

/* Begin PBXResourcesBuildPhase section */
		DD585D411EC4D53900962B19 /* Resources */ = {
			isa = PBXResourcesBuildPhase;
			buildActionMask = 2147483647;
			files = (
				DD585D541EC4D53900962B19 /* LaunchScreen.storyboard in Resources */,
				DD585D511EC4D53900962B19 /* Assets.xcassets in Resources */,
				DD1EA1601EEC1CB200EBB7B7 /* Keyboard.xib in Resources */,
				DD585D4C1EC4D53900962B19 /* Main.storyboard in Resources */,
			);
			runOnlyForDeploymentPostprocessing = 0;
		};
		DD7A27DD1FA3404F00832030 /* Resources */ = {
			isa = PBXResourcesBuildPhase;
			buildActionMask = 2147483647;
			files = (
			);
			runOnlyForDeploymentPostprocessing = 0;
		};
/* End PBXResourcesBuildPhase section */

/* Begin PBXShellScriptBuildPhase section */
		014D582AFE8B2DA99329CDA9 /* [CP] Copy Pods Resources */ = {
			isa = PBXShellScriptBuildPhase;
			buildActionMask = 2147483647;
			files = (
			);
			inputPaths = (
			);
			name = "[CP] Copy Pods Resources";
			outputPaths = (
			);
			runOnlyForDeploymentPostprocessing = 0;
			shellPath = /bin/sh;
			shellScript = "\"${SRCROOT}/Pods/Target Support Files/Pods-workoutApp/Pods-workoutApp-resources.sh\"\n";
			showEnvVarsInLog = 0;
		};
		16766AD6807D59FF75408A1C /* [CP] Embed Pods Frameworks */ = {
			isa = PBXShellScriptBuildPhase;
			buildActionMask = 2147483647;
			files = (
			);
			inputPaths = (
			);
			name = "[CP] Embed Pods Frameworks";
			outputPaths = (
			);
			runOnlyForDeploymentPostprocessing = 0;
			shellPath = /bin/sh;
			shellScript = "\"${SRCROOT}/Pods/Target Support Files/Pods-workoutApp/Pods-workoutApp-frameworks.sh\"\n";
			showEnvVarsInLog = 0;
		};
		A1772F20424F5805CD7FA8BD /* [CP] Check Pods Manifest.lock */ = {
			isa = PBXShellScriptBuildPhase;
			buildActionMask = 2147483647;
			files = (
			);
			inputPaths = (
			);
			name = "[CP] Check Pods Manifest.lock";
			outputPaths = (
			);
			runOnlyForDeploymentPostprocessing = 0;
			shellPath = /bin/sh;
			shellScript = "diff \"${PODS_ROOT}/../Podfile.lock\" \"${PODS_ROOT}/Manifest.lock\" > /dev/null\nif [ $? != 0 ] ; then\n    # print error to STDERR\n    echo \"error: The sandbox is not in sync with the Podfile.lock. Run 'pod install' or update your CocoaPods installation.\" >&2\n    exit 1\nfi\n";
			showEnvVarsInLog = 0;
		};
/* End PBXShellScriptBuildPhase section */

/* Begin PBXSourcesBuildPhase section */
		DD585D3F1EC4D53900962B19 /* Sources */ = {
			isa = PBXSourcesBuildPhase;
			buildActionMask = 2147483647;
			files = (
				DDF117141F3FD1B700E677CB /* SuggestionController.swift in Sources */,
				DD0D42D81F4DA38600502C02 /* PickerLabelStack.swift in Sources */,
				DD4B1C0D1EC71E1100BD313B /* SelectionViewButtonStack.swift in Sources */,
				DDB5FF3D1F4CC99B00202705 /* ExerciseEditor.swift in Sources */,
				DDA54AD91ED84B1B008C601C /* ModelEnums.swift in Sources */,
				DD71B5841F79694C00D8E104 /* Workout+CoreDataClass.swift in Sources */,
				DDCF834D1F8A42F000F87B3E /* ShortExerciseTableCellBox.swift in Sources */,
				DD585D951EC6734100962B19 /* SelectionViewHeader.swift in Sources */,
				DDF1F1F61F07E3C5001A6F0C /* ExerciseTableViewDataSource.swift in Sources */,
				DDFA51011F583AE900AF28A4 /* PreferencePicker.swift in Sources */,
				DD642F9D1F754CD5003D1177 /* MusclePickerController.swift in Sources */,
				DD36F5131F33D44300FD31B3 /* ProfileController.swift in Sources */,
				DD71B58B1F79694C00D8E104 /* MeasurementStyle+CoreDataProperties.swift in Sources */,
				DDC836C11EDDCC330043DA07 /* WorkoutTableViewDataSource.swift in Sources */,
				DDD8F6761F260D1E002ED206 /* ExerciseTableProtocols.swift in Sources */,
				DDF254071F35F75C0032ED75 /* Warningbox.swift in Sources */,
				DD468F851F2E875000A945A9 /* WorkoutTableViewController.swift in Sources */,
				DDF1F1F01F07ADE0001A6F0C /* ExerciseTableViewController.swift in Sources */,
				DD71B58A1F79694C00D8E104 /* ExerciseLog+CoreDataProperties.swift in Sources */,
				DD71B58F1F79694C00D8E104 /* WorkoutLog+CoreDataProperties.swift in Sources */,
				DD4FF0171F6D320C005040A0 /* NewWorkoutController.swift in Sources */,
				DDBFCA621F2CA43000ABB241 /* PlusButton.swift in Sources */,
				DDB5FF3B1F4B806300202705 /* PickableEntity.swift in Sources */,
				DD1DF75F1EDB77E100CD3426 /* CustomNavigationViewController.swift in Sources */,
				DD77AD151F8F9CF1007A6759 /* CellIdentifiers.swift in Sources */,
				DDA169461F1E882900A82FBF /* TapAnywhere.swift in Sources */,
				DDDCA7791EDF6F4900F7544E /* UILabelExtensions.swift in Sources */,
				DD2A9E741F0EED600074B46F /* Footer.swift in Sources */,
				DDA4A3A11F5EC7F40026882A /* ApproveButtonFooter.swift in Sources */,
				DD7C07001F89118100EAC008 /* WeightedHistoryCell.swift in Sources */,
				DD9477B61F7FE4F000E01F81 /* MuscleBasedWorkoutTableController.swift in Sources */,
				DD1EA1141EE9435A00EBB7B7 /* InputView.swift in Sources */,
				DD3AF44B1EE45A9300C55453 /* PickerCell.swift in Sources */,
				DD59B0961EE2B98A006443D4 /* ButtonFooter.swift in Sources */,
				DD71B58D1F79694C00D8E104 /* ExerciseStyle+CoreDataProperties.swift in Sources */,
				DD71B5811F79694C00D8E104 /* Lift+CoreDataProperties.swift in Sources */,
				DDE55B9E1F30AD4D00ED1D15 /* UserDefaults.swift in Sources */,
				DD4025D51F87AF6A00A83D45 /* UnweightedLiftCell.swift in Sources */,
				DD0E1DB91F2E8ECA00E9F1C7 /* WorkoutLogHistoryTableDataSource.swift in Sources */,
				DDD88F521F8CE5BD00552153 /* String Extensions.swift in Sources */,
				DD76004A1EDF27B600871DD8 /* TwoLabelStack.swift in Sources */,
				DD585D4F1EC4D53900962B19 /* workoutApp.xcdatamodeld in Sources */,
				DD71B58C1F79694C00D8E104 /* Lift+CoreDataClass.swift in Sources */,
				DDA866D81F536E8D00F277AF /* PickerHeader.swift in Sources */,
				DD71B5901F79694C00D8E104 /* Muscle+CoreDataClass.swift in Sources */,
				DD2EB3D11F39DB43007A556A /* GoalsController.swift in Sources */,
				DD71B5861F79694C00D8E104 /* WorkoutStyle+CoreDataClass.swift in Sources */,
				DD3AF44D1EE45AB500C55453 /* PickerController.swift in Sources */,
				DD71B5831F79694C00D8E104 /* ExerciseStyle+CoreDataClass.swift in Sources */,
				DD71B58E1F79694C00D8E104 /* WorkoutStyle+CoreDataProperties.swift in Sources */,
				DD0437411ECCF29F0016EFBB /* Modal.swift in Sources */,
				DD5CD5D01F4660A500672A1E /* ExerciseHistoryTableController.swift in Sources */,
				DD9477B81F7FE79500E01F81 /* MuscleBasedWorkoutTableDataSource.swift in Sources */,
				DD4B1C121EC8616800BD313B /* SelectionViewController.swift in Sources */,
				DD0D42DC1F4DB47A00502C02 /* DeletionBox.swift in Sources */,
				DD49BAB51F98C29A001AFAE3 /* LiftExtensions.swift in Sources */,
				DD41AAFC1F18F5C800CB08F5 /* NewExerciseController.swift in Sources */,
				DD585D5F1EC4DC3400962B19 /* Fonts.swift in Sources */,
				DD372BB01F635F76007C35B8 /* WorkoutLogExtensions.swift in Sources */,
				DD585D6B1EC5E03900962B19 /* tabBarSelectionIndicatorView.swift in Sources */,
				DDEE85A31ED4AAA800A3F81C /* ThreeColumnStack.swift in Sources */,
				DD90AF2C1EDED26800A560F0 /* RefreshControlView.swift in Sources */,
				DDF1F1EC1F07AC27001A6F0C /* LiftCell.swift in Sources */,
				DD71B5881F79694C00D8E104 /* Exercise+CoreDataProperties.swift in Sources */,
				DD1A257D1F9F500E001F354A /* MeasurementStyleExtensions.swift in Sources */,
				DDE55B9B1F2FB55300ED1D15 /* WorkoutLog.swift in Sources */,
				DDD73FC51F700681006B905D /* TimeIntervalExtensions.swift in Sources */,
				DD0EB2521F470D7C00CDA1CF /* ExerciseCell.swift in Sources */,
				DDCF834F1F8B8B4000F87B3E /* UIResponder.swift in Sources */,
				DD491B7C1ED7464E008A4619 /* DataSeeder.swift in Sources */,
				DD0D42D61F4CD79800502C02 /* TwoRowHeader.swift in Sources */,
				DD4025D31F87AF4600A83D45 /* WeightedLiftCell.swift in Sources */,
				DDEE8B591F8A222800176D0E /* ExerciseTableCellBox.swift in Sources */,
				DD585D721EC5F45E00962B19 /* SelectionViewButton.swift in Sources */,
				DD4FF01B1F6D6504005040A0 /* WorkoutExtensions.swift in Sources */,
				DD1A257F1F9F5283001F354A /* ExerciseStyleExtensions.swift in Sources */,
				DD71B5801F79694C00D8E104 /* WorkoutLog+CoreDataClass.swift in Sources */,
				DD59B0941EE1C1FA006443D4 /* Typography.swift in Sources */,
				DDEE859F1ED4922600A3F81C /* TwoRowStack.swift in Sources */,
				DD71B5851F79694C00D8E104 /* ExerciseLog+CoreDataClass.swift in Sources */,
				DDCF834A1F8A3D8400F87B3E /* TallExerciseTableCellBox.swift in Sources */,
				DD151DFC1ED1DD5C0014DBC1 /* BoxFactory.swift in Sources */,
				DD18EA481EE7FA20002B5198 /* PickerProtocols.swift in Sources */,
				DDE55B981F2F745F00ED1D15 /* isBoxTableViewDataSource.swift in Sources */,
				DD151DFF1ED2DD310014DBC1 /* Box.swift in Sources */,
				DDB539AE1F2E074800824CFC /* WorkoutSelectionViewController.swift in Sources */,
				DD585D691EC5B27B00962B19 /* CustomTabBarController.swift in Sources */,
				DD4FF01D1F6E9CCB005040A0 /* ExerciseExtensions.swift in Sources */,
				DD109D781F3C801A00228366 /* GoalsButton.swift in Sources */,
				DD151E021ED47C390014DBC1 /* UIStackViewExtensions.swift in Sources */,
				DD71B5921F79694C00D8E104 /* Warning+CoreDataProperties.swift in Sources */,
				DD71B5821F79694C00D8E104 /* Workout+CoreDataProperties.swift in Sources */,
				DD109D7A1F3CA36900228366 /* AttributedText.swift in Sources */,
				DD71B5911F79694C00D8E104 /* Goal+CoreDataProperties.swift in Sources */,
				DD71B5941F79694C00D8E104 /* Warning+CoreDataClass.swift in Sources */,
				DD0EB24B1F46FE9200CDA1CF /* ExerciseCellForHistory.swift in Sources */,
				DDDE6E511ED4DED400A03886 /* BoxTableViewController.swift in Sources */,
				DD468F831F2E1A8100A945A9 /* HistorySelectionViewController.swift in Sources */,
				DD585D5D1EC4D7CC00962B19 /* Colors.swift in Sources */,
				DD9838731F12717B00B876C7 /* CustomNotifications.swift in Sources */,
				DD49BAB31F98A964001AFAE3 /* Nextable.swift in Sources */,
				DDC660B11EE6BE9900122543 /* DrawingMethods.swift in Sources */,
				DDFA50FF1F571E7E00AF28A4 /* UserDefaultsFacade.swift in Sources */,
				DD585D471EC4D53900962B19 /* AppDelegate.swift in Sources */,
				DD642F971F75308A003D1177 /* MuscleExtensions.swift in Sources */,
				DDEEA9F81EDCD99A003360CD /* WorkoutBoxCell.swift in Sources */,
				DD71B5891F79694C00D8E104 /* Exercise+CoreDataClass.swift in Sources */,
				DDBEE8AD1F50695900A3BDA7 /* Protocols.swift in Sources */,
				DDE55B961F2F733400ED1D15 /* WorkoutLogHistoryBoxCell.swift in Sources */,
				DD5ED8381ECA5F5100D3EB1A /* CustomAlertView.swift in Sources */,
				DD0CD4C61F01023C008544EE /* ExercisePickerController.swift in Sources */,
				DD5CD5D21F46EECA00672A1E /* ExerciseHistoryTableDataSource.swift in Sources */,
				DD4B1C101EC8606F00BD313B /* PreferencesController.swift in Sources */,
				DD585D6D1EC5E39F00962B19 /* Constants.swift in Sources */,
				DD7C06FE1F88FA6800EAC008 /* UnweightedHistoryCell.swift in Sources */,
				DD71B5931F79694C00D8E104 /* Goal+CoreDataClass.swift in Sources */,
				DD71B5871F79694C00D8E104 /* MeasurementStyle+CoreDataClass.swift in Sources */,
				DD1EA1621EEC1CBC00EBB7B7 /* Keyboard.swift in Sources */,
				DD4FF0191F6D3A8B005040A0 /* WorkoutEditor.swift in Sources */,
				DD1EA1641EEC1CC900EBB7B7 /* InputViewController.swift in Sources */,
				DD4025D71F87DB3F00A83D45 /* ExerciseLogExtensions.swift in Sources */,
				DD71B57F1F79694C00D8E104 /* Muscle+CoreDataProperties.swift in Sources */,
				DDF95B371ECA236F009E6925 /* DiagonalLineView.swift in Sources */,
				DD7600481EDF240D00871DD8 /* WorkoutController.swift in Sources */,
				DDB539AC1F2E017600824CFC /* WorkoutLogHistoryTableViewController.swift in Sources */,
				DDA54B031EDB426D008C601C /* DatabaseFacade.swift in Sources */,
				DD4FF0151F6C3383005040A0 /* UIImage.swift in Sources */,
				DDF95B391ECA453A009E6925 /* StackView.swift in Sources */,
				DDF117121F3F562000E677CB /* SuggestionBox.swift in Sources */,
				DDCBF83D1F9622430044F545 /* LiftCellDelegate.swift in Sources */,
			);
			runOnlyForDeploymentPostprocessing = 0;
		};
		DD7A27DB1FA3404F00832030 /* Sources */ = {
			isa = PBXSourcesBuildPhase;
			buildActionMask = 2147483647;
			files = (
				DD7A27E21FA3404F00832030 /* workoutAppUITests.swift in Sources */,
				DD7A27EA1FA340E400832030 /* SnapshotHelper.swift in Sources */,
			);
			runOnlyForDeploymentPostprocessing = 0;
		};
/* End PBXSourcesBuildPhase section */

/* Begin PBXTargetDependency section */
		DD7A27E51FA3404F00832030 /* PBXTargetDependency */ = {
			isa = PBXTargetDependency;
			target = DD585D421EC4D53900962B19 /* workoutApp */;
			targetProxy = DD7A27E41FA3404F00832030 /* PBXContainerItemProxy */;
		};
/* End PBXTargetDependency section */

/* Begin PBXVariantGroup section */
		DD585D4A1EC4D53900962B19 /* Main.storyboard */ = {
			isa = PBXVariantGroup;
			children = (
				DD585D4B1EC4D53900962B19 /* Base */,
			);
			name = Main.storyboard;
			sourceTree = "<group>";
		};
		DD585D521EC4D53900962B19 /* LaunchScreen.storyboard */ = {
			isa = PBXVariantGroup;
			children = (
				DD585D531EC4D53900962B19 /* Base */,
			);
			name = LaunchScreen.storyboard;
			sourceTree = "<group>";
		};
/* End PBXVariantGroup section */

/* Begin XCBuildConfiguration section */
		DD585D561EC4D53900962B19 /* Debug */ = {
			isa = XCBuildConfiguration;
			buildSettings = {
				ALWAYS_SEARCH_USER_PATHS = NO;
				CLANG_ANALYZER_NONNULL = YES;
				CLANG_CXX_LANGUAGE_STANDARD = "gnu++0x";
				CLANG_CXX_LIBRARY = "libc++";
				CLANG_ENABLE_MODULES = YES;
				CLANG_ENABLE_OBJC_ARC = YES;
				CLANG_WARN_BLOCK_CAPTURE_AUTORELEASING = YES;
				CLANG_WARN_BOOL_CONVERSION = YES;
				CLANG_WARN_COMMA = YES;
				CLANG_WARN_CONSTANT_CONVERSION = YES;
				CLANG_WARN_DIRECT_OBJC_ISA_USAGE = YES_ERROR;
				CLANG_WARN_DOCUMENTATION_COMMENTS = YES;
				CLANG_WARN_EMPTY_BODY = YES;
				CLANG_WARN_ENUM_CONVERSION = YES;
				CLANG_WARN_INFINITE_RECURSION = YES;
				CLANG_WARN_INT_CONVERSION = YES;
				CLANG_WARN_NON_LITERAL_NULL_CONVERSION = YES;
				CLANG_WARN_OBJC_LITERAL_CONVERSION = YES;
				CLANG_WARN_OBJC_ROOT_CLASS = YES_ERROR;
				CLANG_WARN_RANGE_LOOP_ANALYSIS = YES;
				CLANG_WARN_STRICT_PROTOTYPES = YES;
				CLANG_WARN_SUSPICIOUS_MOVE = YES;
				CLANG_WARN_UNREACHABLE_CODE = YES;
				CLANG_WARN__DUPLICATE_METHOD_MATCH = YES;
				"CODE_SIGN_IDENTITY[sdk=iphoneos*]" = "iPhone Developer";
				COPY_PHASE_STRIP = NO;
				DEBUG_INFORMATION_FORMAT = dwarf;
				ENABLE_STRICT_OBJC_MSGSEND = YES;
				ENABLE_TESTABILITY = YES;
				GCC_C_LANGUAGE_STANDARD = gnu99;
				GCC_DYNAMIC_NO_PIC = NO;
				GCC_NO_COMMON_BLOCKS = YES;
				GCC_OPTIMIZATION_LEVEL = 0;
				GCC_PREPROCESSOR_DEFINITIONS = (
					"DEBUG=1",
					"$(inherited)",
				);
				GCC_WARN_64_TO_32_BIT_CONVERSION = YES;
				GCC_WARN_ABOUT_RETURN_TYPE = YES_ERROR;
				GCC_WARN_UNDECLARED_SELECTOR = YES;
				GCC_WARN_UNINITIALIZED_AUTOS = YES_AGGRESSIVE;
				GCC_WARN_UNUSED_FUNCTION = YES;
				GCC_WARN_UNUSED_VARIABLE = YES;
				IPHONEOS_DEPLOYMENT_TARGET = 10.2;
				MTL_ENABLE_DEBUG_INFO = YES;
				ONLY_ACTIVE_ARCH = YES;
				SDKROOT = iphoneos;
				SWIFT_ACTIVE_COMPILATION_CONDITIONS = DEBUG;
				SWIFT_OPTIMIZATION_LEVEL = "-Onone";
				TARGETED_DEVICE_FAMILY = "1,2";
			};
			name = Debug;
		};
		DD585D571EC4D53900962B19 /* Release */ = {
			isa = XCBuildConfiguration;
			buildSettings = {
				ALWAYS_SEARCH_USER_PATHS = NO;
				CLANG_ANALYZER_NONNULL = YES;
				CLANG_CXX_LANGUAGE_STANDARD = "gnu++0x";
				CLANG_CXX_LIBRARY = "libc++";
				CLANG_ENABLE_MODULES = YES;
				CLANG_ENABLE_OBJC_ARC = YES;
				CLANG_WARN_BLOCK_CAPTURE_AUTORELEASING = YES;
				CLANG_WARN_BOOL_CONVERSION = YES;
				CLANG_WARN_COMMA = YES;
				CLANG_WARN_CONSTANT_CONVERSION = YES;
				CLANG_WARN_DIRECT_OBJC_ISA_USAGE = YES_ERROR;
				CLANG_WARN_DOCUMENTATION_COMMENTS = YES;
				CLANG_WARN_EMPTY_BODY = YES;
				CLANG_WARN_ENUM_CONVERSION = YES;
				CLANG_WARN_INFINITE_RECURSION = YES;
				CLANG_WARN_INT_CONVERSION = YES;
				CLANG_WARN_NON_LITERAL_NULL_CONVERSION = YES;
				CLANG_WARN_OBJC_LITERAL_CONVERSION = YES;
				CLANG_WARN_OBJC_ROOT_CLASS = YES_ERROR;
				CLANG_WARN_RANGE_LOOP_ANALYSIS = YES;
				CLANG_WARN_STRICT_PROTOTYPES = YES;
				CLANG_WARN_SUSPICIOUS_MOVE = YES;
				CLANG_WARN_UNREACHABLE_CODE = YES;
				CLANG_WARN__DUPLICATE_METHOD_MATCH = YES;
				"CODE_SIGN_IDENTITY[sdk=iphoneos*]" = "iPhone Developer";
				COPY_PHASE_STRIP = NO;
				DEBUG_INFORMATION_FORMAT = "dwarf-with-dsym";
				ENABLE_NS_ASSERTIONS = NO;
				ENABLE_STRICT_OBJC_MSGSEND = YES;
				GCC_C_LANGUAGE_STANDARD = gnu99;
				GCC_NO_COMMON_BLOCKS = YES;
				GCC_WARN_64_TO_32_BIT_CONVERSION = YES;
				GCC_WARN_ABOUT_RETURN_TYPE = YES_ERROR;
				GCC_WARN_UNDECLARED_SELECTOR = YES;
				GCC_WARN_UNINITIALIZED_AUTOS = YES_AGGRESSIVE;
				GCC_WARN_UNUSED_FUNCTION = YES;
				GCC_WARN_UNUSED_VARIABLE = YES;
				IPHONEOS_DEPLOYMENT_TARGET = 10.2;
				MTL_ENABLE_DEBUG_INFO = NO;
				SDKROOT = iphoneos;
				SWIFT_OPTIMIZATION_LEVEL = "-Owholemodule";
				TARGETED_DEVICE_FAMILY = "1,2";
				VALIDATE_PRODUCT = YES;
			};
			name = Release;
		};
		DD585D591EC4D53900962B19 /* Debug */ = {
			isa = XCBuildConfiguration;
			baseConfigurationReference = 63E346831A7CE52FC6E0BEE0 /* Pods-workoutApp.debug.xcconfig */;
			buildSettings = {
				ASSETCATALOG_COMPILER_APPICON_NAME = AppIcon;
				DEVELOPMENT_TEAM = 52VSB9N5CT;
				INFOPLIST_FILE = workoutApp/Info.plist;
				LD_RUNPATH_SEARCH_PATHS = "$(inherited) @executable_path/Frameworks";
				PRODUCT_BUNDLE_IDENTIFIER = HomeOfficesInternational1.workoutApp1;
				PRODUCT_NAME = "$(TARGET_NAME)";
				SWIFT_SWIFT3_OBJC_INFERENCE = Off;
				SWIFT_VERSION = 4.0;
				TARGETED_DEVICE_FAMILY = "1,2";
			};
			name = Debug;
		};
		DD585D5A1EC4D53900962B19 /* Release */ = {
			isa = XCBuildConfiguration;
			baseConfigurationReference = 70BE2069C38F0C976927ED6C /* Pods-workoutApp.release.xcconfig */;
			buildSettings = {
				ASSETCATALOG_COMPILER_APPICON_NAME = AppIcon;
				DEVELOPMENT_TEAM = 52VSB9N5CT;
				INFOPLIST_FILE = workoutApp/Info.plist;
				LD_RUNPATH_SEARCH_PATHS = "$(inherited) @executable_path/Frameworks";
				PRODUCT_BUNDLE_IDENTIFIER = HomeOfficesInternational1.workoutApp1;
				PRODUCT_NAME = "$(TARGET_NAME)";
				SWIFT_SWIFT3_OBJC_INFERENCE = Off;
				SWIFT_VERSION = 4.0;
				TARGETED_DEVICE_FAMILY = "1,2";
			};
			name = Release;
		};
		DD7A27E61FA3404F00832030 /* Debug */ = {
			isa = XCBuildConfiguration;
			buildSettings = {
				CLANG_ANALYZER_NUMBER_OBJECT_CONVERSION = YES_AGGRESSIVE;
				CLANG_CXX_LANGUAGE_STANDARD = "gnu++14";
				CLANG_WARN_UNGUARDED_AVAILABILITY = YES_AGGRESSIVE;
				CODE_SIGN_IDENTITY = "iPhone Developer";
				CODE_SIGN_STYLE = Automatic;
				DEVELOPMENT_TEAM = 52VSB9N5CT;
				GCC_C_LANGUAGE_STANDARD = gnu11;
				INFOPLIST_FILE = workoutAppUITests/Info.plist;
				IPHONEOS_DEPLOYMENT_TARGET = 11.0;
				LD_RUNPATH_SEARCH_PATHS = "$(inherited) @executable_path/Frameworks @loader_path/Frameworks";
				PRODUCT_BUNDLE_IDENTIFIER = HomeOfficesInternational.workoutAppUITests;
				PRODUCT_NAME = "$(TARGET_NAME)";
				SWIFT_VERSION = 4.0;
				TARGETED_DEVICE_FAMILY = "1,2";
				TEST_TARGET_NAME = workoutApp;
			};
			name = Debug;
		};
		DD7A27E71FA3404F00832030 /* Release */ = {
			isa = XCBuildConfiguration;
			buildSettings = {
				CLANG_ANALYZER_NUMBER_OBJECT_CONVERSION = YES_AGGRESSIVE;
				CLANG_CXX_LANGUAGE_STANDARD = "gnu++14";
				CLANG_WARN_UNGUARDED_AVAILABILITY = YES_AGGRESSIVE;
				CODE_SIGN_IDENTITY = "iPhone Developer";
				CODE_SIGN_STYLE = Automatic;
				DEVELOPMENT_TEAM = 52VSB9N5CT;
				GCC_C_LANGUAGE_STANDARD = gnu11;
				INFOPLIST_FILE = workoutAppUITests/Info.plist;
				IPHONEOS_DEPLOYMENT_TARGET = 11.0;
				LD_RUNPATH_SEARCH_PATHS = "$(inherited) @executable_path/Frameworks @loader_path/Frameworks";
				PRODUCT_BUNDLE_IDENTIFIER = HomeOfficesInternational.workoutAppUITests;
				PRODUCT_NAME = "$(TARGET_NAME)";
				SWIFT_VERSION = 4.0;
				TARGETED_DEVICE_FAMILY = "1,2";
				TEST_TARGET_NAME = workoutApp;
			};
			name = Release;
		};
/* End XCBuildConfiguration section */

/* Begin XCConfigurationList section */
		DD585D3E1EC4D53900962B19 /* Build configuration list for PBXProject "workoutApp" */ = {
			isa = XCConfigurationList;
			buildConfigurations = (
				DD585D561EC4D53900962B19 /* Debug */,
				DD585D571EC4D53900962B19 /* Release */,
			);
			defaultConfigurationIsVisible = 0;
			defaultConfigurationName = Release;
		};
		DD585D581EC4D53900962B19 /* Build configuration list for PBXNativeTarget "workoutApp" */ = {
			isa = XCConfigurationList;
			buildConfigurations = (
				DD585D591EC4D53900962B19 /* Debug */,
				DD585D5A1EC4D53900962B19 /* Release */,
			);
			defaultConfigurationIsVisible = 0;
			defaultConfigurationName = Release;
		};
		DD7A27E81FA3404F00832030 /* Build configuration list for PBXNativeTarget "workoutAppUITests" */ = {
			isa = XCConfigurationList;
			buildConfigurations = (
				DD7A27E61FA3404F00832030 /* Debug */,
				DD7A27E71FA3404F00832030 /* Release */,
			);
			defaultConfigurationIsVisible = 0;
			defaultConfigurationName = Release;
		};
/* End XCConfigurationList section */

/* Begin XCVersionGroup section */
		DD585D4D1EC4D53900962B19 /* workoutApp.xcdatamodeld */ = {
			isa = XCVersionGroup;
			children = (
				DD585D4E1EC4D53900962B19 /* workoutApp.xcdatamodel */,
			);
			currentVersion = DD585D4E1EC4D53900962B19 /* workoutApp.xcdatamodel */;
			path = workoutApp.xcdatamodeld;
			sourceTree = "<group>";
			versionGroupType = wrapper.xcdatamodel;
		};
/* End XCVersionGroup section */
	};
	rootObject = DD585D3B1EC4D53900962B19 /* Project object */;
}
